{
  "version": 4,
  "terraform_version": "1.9.5",
  "serial": 152,
  "lineage": "f512876e-5228-60d7-8956-9d2eb1ea60ea",
  "outputs": {},
  "resources": [
    {
      "mode": "data",
      "type": "aws_caller_identity",
      "name": "current",
      "provider": "provider[\"registry.terraform.io/hashicorp/aws\"]",
      "instances": [
        {
          "schema_version": 0,
          "attributes": {
            "account_id": "055068999919",
            "arn": "arn:aws:iam::055068999919:user/diego-lympha",
            "id": "055068999919",
            "user_id": "AIDAQZUS6IDXSCJMHHNOA"
          },
          "sensitive_attributes": []
        }
      ]
    },
    {
      "mode": "managed",
      "type": "aws_s3_bucket",
      "name": "kb_docs",
      "provider": "provider[\"registry.terraform.io/hashicorp/aws\"]",
      "instances": [
        {
          "schema_version": 0,
          "attributes": {
            "acceleration_status": "",
            "acl": null,
            "arn": "arn:aws:s3:::airlines-app-dev-kb-docs-055068999919",
            "bucket": "airlines-app-dev-kb-docs-055068999919",
            "bucket_domain_name": "airlines-app-dev-kb-docs-055068999919.s3.amazonaws.com",
            "bucket_namespace": "global",
            "bucket_prefix": "",
            "bucket_region": "us-east-1",
            "bucket_regional_domain_name": "airlines-app-dev-kb-docs-055068999919.s3.us-east-1.amazonaws.com",
            "cors_rule": [],
            "force_destroy": false,
            "grant": [
              {
                "id": "f992adca4c77ad005cf928c655fbb18090311b3e7e6987d19584891fb32f8542",
                "permissions": [
                  "FULL_CONTROL"
                ],
                "type": "CanonicalUser",
                "uri": ""
              }
            ],
            "hosted_zone_id": "Z3AQBSTGFYJSTF",
            "id": "airlines-app-dev-kb-docs-055068999919",
            "lifecycle_rule": [],
            "logging": [],
            "object_lock_configuration": [],
            "object_lock_enabled": false,
            "policy": "",
            "region": "us-east-1",
            "replication_configuration": [],
            "request_payer": "BucketOwner",
            "server_side_encryption_configuration": [
              {
                "rule": [
                  {
                    "apply_server_side_encryption_by_default": [
                      {
                        "kms_master_key_id": "",
                        "sse_algorithm": "AES256"
                      }
                    ],
                    "bucket_key_enabled": false
                  }
                ]
              }
            ],
            "tags": {
              "Name": "airlines-app-dev-kb-docs",
              "env": "dev",
              "managed-by": "terraform",
              "owner": "dfloresgonz",
              "project": "airlines-app"
            },
            "tags_all": {
              "Name": "airlines-app-dev-kb-docs",
              "env": "dev",
              "managed-by": "terraform",
              "owner": "dfloresgonz",
              "project": "airlines-app"
            },
            "timeouts": null,
            "versioning": [
              {
                "enabled": false,
                "mfa_delete": false
              }
            ],
            "website": [],
            "website_domain": null,
            "website_endpoint": null
          },
          "sensitive_attributes": [],
          "private": "eyJlMmJmYjczMC1lY2FhLTExZTYtOGY4OC0zNDM2M2JjN2M0YzAiOnsiY3JlYXRlIjoxMjAwMDAwMDAwMDAwLCJkZWxldGUiOjM2MDAwMDAwMDAwMDAsInJlYWQiOjEyMDAwMDAwMDAwMDAsInVwZGF0ZSI6MTIwMDAwMDAwMDAwMH19",
          "dependencies": [
            "data.aws_caller_identity.current"
          ]
        }
      ]
    },
    {
      "module": "module.bedrock_agent",
      "mode": "data",
      "type": "aws_caller_identity",
      "name": "current",
      "provider": "provider[\"registry.terraform.io/hashicorp/aws\"]",
      "instances": [
        {
          "schema_version": 0,
          "attributes": {
            "account_id": "055068999919",
            "arn": "arn:aws:iam::055068999919:user/diego-lympha",
            "id": "055068999919",
            "user_id": "AIDAQZUS6IDXSCJMHHNOA"
          },
          "sensitive_attributes": []
        }
      ]
    },
    {
      "module": "module.bedrock_agent",
      "mode": "data",
      "type": "aws_region",
      "name": "current",
      "provider": "provider[\"registry.terraform.io/hashicorp/aws\"]",
      "instances": [
        {
          "schema_version": 0,
          "attributes": {
            "description": "US East (N. Virginia)",
            "endpoint": "ec2.us-east-1.amazonaws.com",
            "id": "us-east-1",
            "name": "us-east-1",
            "region": "us-east-1"
          },
          "sensitive_attributes": []
        }
      ]
    },
    {
      "module": "module.bedrock_agent",
      "mode": "managed",
      "type": "aws_bedrockagent_agent_action_group",
      "name": "clima",
      "provider": "provider[\"registry.terraform.io/hashicorp/aws\"]",
      "instances": [
        {
          "schema_version": 0,
          "attributes": {
            "action_group_executor": [
              {
                "custom_control": null,
                "lambda": "arn:aws:lambda:us-east-1:055068999919:function:airlines-app-dev-consultar-clima"
              }
            ],
            "action_group_id": "9EN1OWQAXH",
            "action_group_name": "consultar-clima",
            "action_group_state": "ENABLED",
            "agent_id": "1WAFXTXMPQ",
            "agent_version": "DRAFT",
            "api_schema": [],
            "description": "Get current weather for a city",
            "function_schema": [
              {
                "member_functions": [
                  {
                    "functions": [
                      {
                        "description": "Returns current temperature and weather condition for a given city",
                        "name": "consultar_clima",
                        "parameters": [
                          {
                            "description": "City name (e.g. Mexico City, Miami, Madrid)",
                            "map_block_key": "city",
                            "required": true,
                            "type": "string"
                          }
                        ]
                      }
                    ]
                  }
                ]
              }
            ],
            "id": "9EN1OWQAXH,1WAFXTXMPQ,DRAFT",
            "parent_action_group_signature": null,
            "prepare_agent": true,
            "region": "us-east-1",
            "skip_resource_in_use_check": false,
            "timeouts": null
          },
          "sensitive_attributes": [],
          "dependencies": [
            "module.bedrock_agent.aws_bedrockagent_agent.main",
            "module.bedrock_agent.aws_lambda_permission.bedrock_consultar_clima",
            "module.bedrock_agent.data.aws_caller_identity.current",
            "module.bedrock_agent.data.aws_region.current",
            "module.iam.aws_iam_role.bedrock_agent",
            "module.iam.aws_iam_role.lambda",
            "module.lambdas.aws_lambda_function.consultar_clima",
            "module.lambdas.aws_lambda_function.mcp_weather_server",
            "module.lambdas.aws_lambda_function_url.mcp_weather_server",
            "module.lambdas.data.archive_file.consultar_clima",
            "module.lambdas.data.archive_file.mcp_weather_server"
          ]
        }
      ]
    },
    {
      "module": "module.bedrock_agent",
      "mode": "managed",
      "type": "aws_lambda_permission",
      "name": "bedrock_consultar_clima",
      "provider": "provider[\"registry.terraform.io/hashicorp/aws\"]",
      "instances": [
        {
          "schema_version": 0,
          "attributes": {
            "action": "lambda:InvokeFunction",
            "event_source_token": null,
            "function_name": "arn:aws:lambda:us-east-1:055068999919:function:airlines-app-dev-consultar-clima",
            "function_url_auth_type": null,
            "id": "AllowBedrockInvoke",
            "invoked_via_function_url": null,
            "principal": "bedrock.amazonaws.com",
            "principal_org_id": null,
            "qualifier": "",
            "region": "us-east-1",
            "source_account": null,
            "source_arn": "arn:aws:bedrock:us-east-1:055068999919:agent/1WAFXTXMPQ",
            "statement_id": "AllowBedrockInvoke",
            "statement_id_prefix": ""
          },
          "sensitive_attributes": [],
          "private": "bnVsbA==",
          "dependencies": [
            "module.bedrock_agent.aws_bedrockagent_agent.main",
            "module.bedrock_agent.data.aws_caller_identity.current",
            "module.bedrock_agent.data.aws_region.current",
            "module.iam.aws_iam_role.bedrock_agent",
            "module.iam.aws_iam_role.lambda",
            "module.lambdas.aws_lambda_function.consultar_clima",
            "module.lambdas.aws_lambda_function.mcp_weather_server",
            "module.lambdas.aws_lambda_function_url.mcp_weather_server",
            "module.lambdas.data.archive_file.consultar_clima",
            "module.lambdas.data.archive_file.mcp_weather_server"
          ]
        }
      ]
    },
    {
      "module": "module.bedrock_agent",
      "mode": "managed",
      "type": "aws_lambda_permission",
      "name": "bedrock_consultar_reserva",
      "provider": "provider[\"registry.terraform.io/hashicorp/aws\"]",
      "instances": [
        {
          "schema_version": 0,
          "attributes": {
            "action": "lambda:InvokeFunction",
            "event_source_token": null,
            "function_name": "arn:aws:lambda:us-east-1:055068999919:function:airlines-app-dev-consultar-reserva",
            "function_url_auth_type": null,
            "id": "AllowBedrockInvoke",
            "invoked_via_function_url": null,
            "principal": "bedrock.amazonaws.com",
            "principal_org_id": null,
            "qualifier": "",
            "region": "us-east-1",
            "source_account": null,
            "source_arn": "arn:aws:bedrock:us-east-1:055068999919:agent/1WAFXTXMPQ",
            "statement_id": "AllowBedrockInvoke",
            "statement_id_prefix": ""
          },
          "sensitive_attributes": [],
          "private": "bnVsbA==",
          "dependencies": [
            "module.bedrock_agent.aws_bedrockagent_agent.main",
            "module.bedrock_agent.data.aws_caller_identity.current",
            "module.bedrock_agent.data.aws_region.current",
            "module.dynamodb.aws_dynamodb_table.reservations",
            "module.iam.aws_iam_role.bedrock_agent",
            "module.iam.aws_iam_role.lambda",
            "module.lambdas.aws_lambda_function.consultar_reserva",
            "module.lambdas.data.archive_file.consultar_reserva"
          ]
        }
      ]
    },
    {
      "module": "module.bedrock_agent",
      "mode": "managed",
      "type": "aws_lambda_permission",
      "name": "bedrock_reserva",
      "provider": "provider[\"registry.terraform.io/hashicorp/aws\"]",
      "instances": [
        {
          "schema_version": 0,
          "attributes": {
            "action": "lambda:InvokeFunction",
            "event_source_token": null,
            "function_name": "arn:aws:lambda:us-east-1:055068999919:function:airlines-app-dev-reserva",
            "function_url_auth_type": null,
            "id": "AllowBedrockInvoke",
            "invoked_via_function_url": null,
            "principal": "bedrock.amazonaws.com",
            "principal_org_id": null,
            "qualifier": "",
            "region": "us-east-1",
            "source_account": null,
            "source_arn": "arn:aws:bedrock:us-east-1:055068999919:agent/1WAFXTXMPQ",
            "statement_id": "AllowBedrockInvoke",
            "statement_id_prefix": ""
          },
          "sensitive_attributes": [],
          "private": "bnVsbA==",
          "dependencies": [
            "module.bedrock_agent.aws_bedrockagent_agent.main",
            "module.bedrock_agent.data.aws_caller_identity.current",
            "module.bedrock_agent.data.aws_region.current",
            "module.dynamodb.aws_dynamodb_table.reservations",
            "module.iam.aws_iam_role.bedrock_agent",
            "module.iam.aws_iam_role.lambda",
            "module.lambdas.aws_lambda_function.reserva",
            "module.lambdas.data.archive_file.reserva"
          ]
        }
      ]
    },
    {
      "module": "module.dynamodb",
      "mode": "managed",
      "type": "aws_dynamodb_table",
      "name": "reservations",
      "provider": "provider[\"registry.terraform.io/hashicorp/aws\"]",
      "instances": [
        {
          "schema_version": 1,
          "attributes": {
            "arn": "arn:aws:dynamodb:us-east-1:055068999919:table/airlines-app-dev-reservations",
            "attribute": [
              {
                "name": "reservation_id",
                "type": "S"
              }
            ],
            "billing_mode": "PAY_PER_REQUEST",
            "deletion_protection_enabled": false,
            "global_secondary_index": [],
            "global_table_witness": [],
            "hash_key": "reservation_id",
            "id": "airlines-app-dev-reservations",
            "import_table": [],
            "local_secondary_index": [],
            "name": "airlines-app-dev-reservations",
            "on_demand_throughput": [],
            "point_in_time_recovery": [
              {
                "enabled": false,
                "recovery_period_in_days": 0
              }
            ],
            "range_key": null,
            "read_capacity": 0,
            "region": "us-east-1",
            "replica": [],
            "restore_backup_arn": null,
            "restore_date_time": null,
            "restore_source_name": null,
            "restore_source_table_arn": null,
            "restore_to_latest_time": null,
            "server_side_encryption": [],
            "stream_arn": "",
            "stream_enabled": false,
            "stream_label": "",
            "stream_view_type": "",
            "table_class": "STANDARD",
            "tags": {
              "Name": "airlines-app-dev-reservations",
              "env": "dev",
              "managed-by": "terraform",
              "owner": "dfloresgonz",
              "project": "airlines-app"
            },
            "tags_all": {
              "Name": "airlines-app-dev-reservations",
              "env": "dev",
              "managed-by": "terraform",
              "owner": "dfloresgonz",
              "project": "airlines-app"
            },
            "timeouts": null,
            "ttl": [
              {
                "attribute_name": "",
                "enabled": false
              }
            ],
            "warm_throughput": [],
            "write_capacity": 0
          },
          "sensitive_attributes": [],
          "private": "eyJlMmJmYjczMC1lY2FhLTExZTYtOGY4OC0zNDM2M2JjN2M0YzAiOnsiY3JlYXRlIjoxODAwMDAwMDAwMDAwLCJkZWxldGUiOjYwMDAwMDAwMDAwMCwidXBkYXRlIjozNjAwMDAwMDAwMDAwfSwic2NoZW1hX3ZlcnNpb24iOiIxIn0="
        }
      ]
    },
    {
      "module": "module.iam",
      "mode": "managed",
      "type": "aws_iam_role",
      "name": "bedrock_agent",
      "provider": "provider[\"registry.terraform.io/hashicorp/aws\"]",
      "instances": [
        {
          "schema_version": 0,
          "attributes": {
            "arn": "arn:aws:iam::055068999919:role/airlines-app-dev-bedrock-agent-role",
            "assume_role_policy": "{\"Statement\":[{\"Action\":\"sts:AssumeRole\",\"Effect\":\"Allow\",\"Principal\":{\"Service\":\"bedrock.amazonaws.com\"}}],\"Version\":\"2012-10-17\"}",
            "create_date": "2026-04-18T03:06:19Z",
            "description": "",
            "force_detach_policies": false,
            "id": "airlines-app-dev-bedrock-agent-role",
            "inline_policy": [],
            "managed_policy_arns": [],
            "max_session_duration": 3600,
            "name": "airlines-app-dev-bedrock-agent-role",
            "name_prefix": "",
            "path": "/",
            "permissions_boundary": "",
            "tags": {
              "env": "dev",
              "managed-by": "terraform",
              "owner": "dfloresgonz",
              "project": "airlines-app"
            },
            "tags_all": {
              "env": "dev",
              "managed-by": "terraform",
              "owner": "dfloresgonz",
              "project": "airlines-app"
            },
            "unique_id": "AROAQZUS6IDXQJC3INWZY"
          },
          "sensitive_attributes": [],
          "private": "bnVsbA=="
        }
      ]
    },
    {
      "module": "module.iam",
      "mode": "managed",
      "type": "aws_iam_role",
      "name": "lambda",
      "provider": "provider[\"registry.terraform.io/hashicorp/aws\"]",
      "instances": [
        {
          "schema_version": 0,
          "attributes": {
            "arn": "arn:aws:iam::055068999919:role/airlines-app-dev-lambda-role",
            "assume_role_policy": "{\"Statement\":[{\"Action\":\"sts:AssumeRole\",\"Effect\":\"Allow\",\"Principal\":{\"Service\":\"lambda.amazonaws.com\"}}],\"Version\":\"2012-10-17\"}",
            "create_date": "2026-04-18T03:06:19Z",
            "description": "",
            "force_detach_policies": false,
            "id": "airlines-app-dev-lambda-role",
            "inline_policy": [],
            "managed_policy_arns": [],
            "max_session_duration": 3600,
            "name": "airlines-app-dev-lambda-role",
            "name_prefix": "",
            "path": "/",
            "permissions_boundary": "",
            "tags": {
              "env": "dev",
              "managed-by": "terraform",
              "owner": "dfloresgonz",
              "project": "airlines-app"
            },
            "tags_all": {
              "env": "dev",
              "managed-by": "terraform",
              "owner": "dfloresgonz",
              "project": "airlines-app"
            },
            "unique_id": "AROAQZUS6IDXUXIPZCT24"
          },
          "sensitive_attributes": [],
          "private": "bnVsbA=="
        }
      ]
    },
    {
      "module": "module.lambdas",
      "mode": "data",
      "type": "archive_file",
      "name": "consultar_clima",
      "provider": "provider[\"registry.terraform.io/hashicorp/archive\"]",
      "instances": [
        {
          "schema_version": 0,
          "attributes": {
            "exclude_symlink_directories": null,
            "excludes": null,
            "id": "16ac1c49526956c4a037073a0c3379254fb27894",
            "output_base64sha256": "XnL1OG6PO/ACPLDwALLDoSErn3s8Vjfwk/5hdMWg8MU=",
            "output_base64sha512": "lGzVVD1Tq8Nr6OFYy9xdgwRZE7FueJBq4pYexfuh7Pej++MwN6l5Rj/9vn5cEpIH6OuFF26mjg+mVSkTSZUbfA==",
            "output_file_mode": null,
            "output_md5": "38e2d0fd8c2edf5181563f251c6dae60",
            "output_path": "modules/lambdas/dist/consultar-clima.zip",
            "output_sha": "16ac1c49526956c4a037073a0c3379254fb27894",
            "output_sha256": "5e72f5386e8f3bf0023cb0f000b2c3a1212b9f7b3c5637f093fe6174c5a0f0c5",
            "output_sha512": "946cd5543d53abc36be8e158cbdc5d83045913b16e78906ae2961ec5fba1ecf7a3fbe33037a979463ffdbe7e5c129207e8eb85176ea68e0fa655291349951b7c",
            "output_size": 884,
            "source": [],
            "source_content": null,
            "source_content_filename": null,
            "source_dir": null,
            "source_file": "./../lambdas/consultar-clima/handler.py",
            "type": "zip"
          },
          "sensitive_attributes": []
        }
      ]
    },
    {
      "module": "module.lambdas",
      "mode": "data",
      "type": "archive_file",
      "name": "consultar_reserva",
      "provider": "provider[\"registry.terraform.io/hashicorp/archive\"]",
      "instances": [
        {
          "schema_version": 0,
          "attributes": {
            "exclude_symlink_directories": null,
            "excludes": null,
            "id": "ece0b1cb4e26e3c4477b342f5bda637cfaabb999",
            "output_base64sha256": "K3qWLZwc3426i0uD7NZOFiQwO1V3Em3PGhPIr0BhRdA=",
            "output_base64sha512": "2HJTXUGehVXNzBjP+S41XH7r+WqkkSCWOFagvBowvfRAU//vNVJteonfpd8+GXeDq3Ggk2QSv61t79NkBNl+wg==",
            "output_file_mode": null,
            "output_md5": "14e1d0cb4cb8c58cd6238c1eae44cd12",
            "output_path": "modules/lambdas/dist/consultar-reserva.zip",
            "output_sha": "ece0b1cb4e26e3c4477b342f5bda637cfaabb999",
            "output_sha256": "2b7a962d9c1cdf8dba8b4b83ecd64e1624303b5577126dcf1a13c8af406145d0",
            "output_sha512": "d872535d419e8555cdcc18cff92e355c7eebf96aa49120963856a0bc1a30bdf44053ffef35526d7a89dfa5df3e197783ab71a0936412bfad6defd36404d97ec2",
            "output_size": 564,
            "source": [],
            "source_content": null,
            "source_content_filename": null,
            "source_dir": null,
            "source_file": "./../lambdas/consultar-reserva/handler.py",
            "type": "zip"
          },
          "sensitive_attributes": []
        }
      ]
    },
    {
      "module": "module.lambdas",
      "mode": "data",
      "type": "archive_file",
      "name": "mcp_weather_server",
      "provider": "provider[\"registry.terraform.io/hashicorp/archive\"]",
      "instances": [
        {
          "schema_version": 0,
          "attributes": {
            "exclude_symlink_directories": null,
            "excludes": null,
            "id": "e94bd8f86a7cc92a95cfc42b92cd217298551dae",
            "output_base64sha256": "REm8YUjuKyT/QUssNFzRCxRkoZSm59UXY+2jX0NR+3I=",
            "output_base64sha512": "atntODlewogMolr/XBaK3EwCAFjppE3vnf6YW3/dNpqsV/DpH8Yo3DRX/F3MTPGfR8AmMUYNn6HpRqTx/+CtNg==",
            "output_file_mode": null,
            "output_md5": "d32609b646af114a6816cd4f75d3e8e5",
            "output_path": "modules/lambdas/dist/mcp-weather-server.zip",
            "output_sha": "e94bd8f86a7cc92a95cfc42b92cd217298551dae",
            "output_sha256": "4449bc6148ee2b24ff414b2c345cd10b1464a194a6e7d51763eda35f4351fb72",
            "output_sha512": "6ad9ed38395ec2880ca25aff5c168adc4c020058e9a44def9dfe985b7fdd369aac57f0e91fc628dc3457fc5dcc4cf19f47c02631460d9fa1e946a4f1ffe0ad36",
            "output_size": 1080,
            "source": [],
            "source_content": null,
            "source_content_filename": null,
            "source_dir": null,
            "source_file": "./../lambdas/mcp-weather-server/handler.py",
            "type": "zip"
          },
          "sensitive_attributes": []
        }
      ]
    },
    {
      "module": "module.lambdas",
      "mode": "data",
      "type": "archive_file",
      "name": "reserva",
      "provider": "provider[\"registry.terraform.io/hashicorp/archive\"]",
      "instances": [
        {
          "schema_version": 0,
          "attributes": {
            "exclude_symlink_directories": null,
            "excludes": null,
            "id": "05b439863a1d02db2687b5d3a0cacaa182936e5c",
            "output_base64sha256": "xVgFI3Q846Nq1eVQT536zzSKnmcpC90yAruCUlYTlXQ=",
            "output_base64sha512": "01vL+bGYQRPsfheBbXUe9+bDTrAwAKRXSUUmRJFDYKdWpXkvShUWWg0R2D9RFfZRfS0rsnlrlQKQwH/uBHquyg==",
            "output_file_mode": null,
            "output_md5": "5dea5e8586dafca80005d4e9869f9b3f",
            "output_path": "modules/lambdas/dist/reserva.zip",
            "output_sha": "05b439863a1d02db2687b5d3a0cacaa182936e5c",
            "output_sha256": "c5580523743ce3a36ad5e5504f9dfacf348a9e67290bdd3202bb825256139574",
            "output_sha512": "d35bcbf9b1984113ec7e17816d751ef7e6c34eb03000a45749452644914360a756a5792f4a15165a0d11d83f5115f6517d2d2bb2796b950290c07fee047aaeca",
            "output_size": 896,
            "source": [],
            "source_content": null,
            "source_content_filename": null,
            "source_dir": null,
            "source_file": "./../lambdas/reserva/handler.py",
            "type": "zip"
          },
          "sensitive_attributes": []
        }
      ]
    },
    {
      "module": "module.lambdas",
      "mode": "managed",
      "type": "aws_lambda_function",
      "name": "consultar_clima",
      "provider": "provider[\"registry.terraform.io/hashicorp/aws\"]",
      "instances": [
        {
          "schema_version": 0,
          "attributes": {
            "architectures": [
              "x86_64"
            ],
            "arn": "arn:aws:lambda:us-east-1:055068999919:function:airlines-app-dev-consultar-clima",
            "capacity_provider_config": [],
            "code_sha256": "XnL1OG6PO/ACPLDwALLDoSErn3s8Vjfwk/5hdMWg8MU=",
            "code_signing_config_arn": "",
            "dead_letter_config": [],
            "description": "",
            "durable_config": [],
            "environment": [
              {
                "variables": {
                  "MCP_SERVER_URL": "https://7v2caahaftw3gbj5mz23ruvwpa0wrmie.lambda-url.us-east-1.on.aws/"
                }
              }
            ],
            "ephemeral_storage": [
              {
                "size": 512
              }
            ],
            "file_system_config": [],
            "filename": "modules/lambdas/dist/consultar-clima.zip",
            "function_name": "airlines-app-dev-consultar-clima",
            "handler": "handler.lambda_handler",
            "id": "airlines-app-dev-consultar-clima",
            "image_config": [],
            "image_uri": "",
            "invoke_arn": "arn:aws:apigateway:us-east-1:lambda:path/2015-03-31/functions/arn:aws:lambda:us-east-1:055068999919:function:airlines-app-dev-consultar-clima/invocations",
            "kms_key_arn": "",
            "last_modified": "2026-04-18T08:13:57.676+0000",
            "layers": [],
            "logging_config": [
              {
                "application_log_level": "",
                "log_format": "Text",
                "log_group": "/aws/lambda/airlines-app-dev-consultar-clima",
                "system_log_level": ""
              }
            ],
            "memory_size": 128,
            "package_type": "Zip",
            "publish": false,
            "publish_to": null,
            "qualified_arn": "arn:aws:lambda:us-east-1:055068999919:function:airlines-app-dev-consultar-clima:$LATEST",
            "qualified_invoke_arn": "arn:aws:apigateway:us-east-1:lambda:path/2015-03-31/functions/arn:aws:lambda:us-east-1:055068999919:function:airlines-app-dev-consultar-clima:$LATEST/invocations",
            "region": "us-east-1",
            "replace_security_groups_on_destroy": null,
            "replacement_security_group_ids": null,
            "reserved_concurrent_executions": -1,
            "response_streaming_invoke_arn": "arn:aws:apigateway:us-east-1:lambda:path/2021-11-15/functions/arn:aws:lambda:us-east-1:055068999919:function:airlines-app-dev-consultar-clima/response-streaming-invocations",
            "role": "arn:aws:iam::055068999919:role/airlines-app-dev-lambda-role",
            "runtime": "python3.12",
            "s3_bucket": null,
            "s3_key": null,
            "s3_object_version": null,
            "signing_job_arn": "",
            "signing_profile_version_arn": "",
            "skip_destroy": false,
            "snap_start": [],
            "source_code_hash": "XnL1OG6PO/ACPLDwALLDoSErn3s8Vjfwk/5hdMWg8MU=",
            "source_code_size": 884,
            "source_kms_key_arn": "",
            "tags": {
              "Name": "airlines-app-dev-consultar-clima",
              "env": "dev",
              "managed-by": "terraform",
              "owner": "dfloresgonz",
              "project": "airlines-app"
            },
            "tags_all": {
              "Name": "airlines-app-dev-consultar-clima",
              "env": "dev",
              "managed-by": "terraform",
              "owner": "dfloresgonz",
              "project": "airlines-app"
            },
            "tenancy_config": [],
            "timeout": 10,
            "timeouts": null,
            "tracing_config": [
              {
                "mode": "PassThrough"
              }
            ],
            "version": "$LATEST",
            "vpc_config": []
          },
          "sensitive_attributes": [],
          "private": "eyJlMmJmYjczMC1lY2FhLTExZTYtOGY4OC0zNDM2M2JjN2M0YzAiOnsiY3JlYXRlIjo2MDAwMDAwMDAwMDAsImRlbGV0ZSI6NjAwMDAwMDAwMDAwLCJ1cGRhdGUiOjYwMDAwMDAwMDAwMH19",
          "dependencies": [
            "module.iam.aws_iam_role.lambda",
            "module.lambdas.aws_lambda_function.mcp_weather_server",
            "module.lambdas.aws_lambda_function_url.mcp_weather_server",
            "module.lambdas.data.archive_file.consultar_clima",
            "module.lambdas.data.archive_file.mcp_weather_server"
          ]
        }
      ]
    },
    {
      "module": "module.lambdas",
      "mode": "managed",
      "type": "aws_lambda_function",
      "name": "consultar_reserva",
      "provider": "provider[\"registry.terraform.io/hashicorp/aws\"]",
      "instances": [
        {
          "schema_version": 0,
          "attributes": {
            "architectures": [
              "x86_64"
            ],
            "arn": "arn:aws:lambda:us-east-1:055068999919:function:airlines-app-dev-consultar-reserva",
            "capacity_provider_config": [],
            "code_sha256": "K3qWLZwc3426i0uD7NZOFiQwO1V3Em3PGhPIr0BhRdA=",
            "code_signing_config_arn": "",
            "dead_letter_config": [],
            "description": "",
            "durable_config": [],
            "environment": [
              {
                "variables": {
                  "DYNAMODB_TABLE": "airlines-app-dev-reservations"
                }
              }
            ],
            "ephemeral_storage": [
              {
                "size": 512
              }
            ],
            "file_system_config": [],
            "filename": "modules/lambdas/dist/consultar-reserva.zip",
            "function_name": "airlines-app-dev-consultar-reserva",
            "handler": "handler.lambda_handler",
            "id": "airlines-app-dev-consultar-reserva",
            "image_config": [],
            "image_uri": "",
            "invoke_arn": "arn:aws:apigateway:us-east-1:lambda:path/2015-03-31/functions/arn:aws:lambda:us-east-1:055068999919:function:airlines-app-dev-consultar-reserva/invocations",
            "kms_key_arn": "",
            "last_modified": "2026-04-18T08:43:16.000+0000",
            "layers": [],
            "logging_config": [
              {
                "application_log_level": "",
                "log_format": "Text",
                "log_group": "/aws/lambda/airlines-app-dev-consultar-reserva",
                "system_log_level": ""
              }
            ],
            "memory_size": 128,
            "package_type": "Zip",
            "publish": false,
            "publish_to": null,
            "qualified_arn": "arn:aws:lambda:us-east-1:055068999919:function:airlines-app-dev-consultar-reserva:$LATEST",
            "qualified_invoke_arn": "arn:aws:apigateway:us-east-1:lambda:path/2015-03-31/functions/arn:aws:lambda:us-east-1:055068999919:function:airlines-app-dev-consultar-reserva:$LATEST/invocations",
            "region": "us-east-1",
            "replace_security_groups_on_destroy": null,
            "replacement_security_group_ids": null,
            "reserved_concurrent_executions": -1,
            "response_streaming_invoke_arn": "arn:aws:apigateway:us-east-1:lambda:path/2021-11-15/functions/arn:aws:lambda:us-east-1:055068999919:function:airlines-app-dev-consultar-reserva/response-streaming-invocations",
            "role": "arn:aws:iam::055068999919:role/airlines-app-dev-lambda-role",
            "runtime": "python3.12",
            "s3_bucket": null,
            "s3_key": null,
            "s3_object_version": null,
            "signing_job_arn": "",
            "signing_profile_version_arn": "",
            "skip_destroy": false,
            "snap_start": [],
            "source_code_hash": "K3qWLZwc3426i0uD7NZOFiQwO1V3Em3PGhPIr0BhRdA=",
            "source_code_size": 564,
            "source_kms_key_arn": "",
            "tags": {
              "Name": "airlines-app-dev-consultar-reserva",
              "env": "dev",
              "managed-by": "terraform",
              "owner": "dfloresgonz",
              "project": "airlines-app"
            },
            "tags_all": {
              "Name": "airlines-app-dev-consultar-reserva",
              "env": "dev",
              "managed-by": "terraform",
              "owner": "dfloresgonz",
              "project": "airlines-app"
            },
            "tenancy_config": [],
            "timeout": 30,
            "timeouts": null,
            "tracing_config": [
              {
                "mode": "PassThrough"
              }
            ],
            "version": "$LATEST",
            "vpc_config": []
          },
          "sensitive_attributes": [],
          "private": "eyJlMmJmYjczMC1lY2FhLTExZTYtOGY4OC0zNDM2M2JjN2M0YzAiOnsiY3JlYXRlIjo2MDAwMDAwMDAwMDAsImRlbGV0ZSI6NjAwMDAwMDAwMDAwLCJ1cGRhdGUiOjYwMDAwMDAwMDAwMH19",
          "dependencies": [
            "module.dynamodb.aws_dynamodb_table.reservations",
            "module.iam.aws_iam_role.lambda",
            "module.lambdas.data.archive_file.consultar_reserva"
          ]
        }
      ]
    },
    {
      "module": "module.lambdas",
      "mode": "managed",
      "type": "aws_lambda_function",
      "name": "mcp_weather_server",
      "provider": "provider[\"registry.terraform.io/hashicorp/aws\"]",
      "instances": [
        {
          "schema_version": 0,
          "attributes": {
            "architectures": [
              "x86_64"
            ],
            "arn": "arn:aws:lambda:us-east-1:055068999919:function:airlines-app-dev-mcp-weather-server",
            "capacity_provider_config": [],
            "code_sha256": "REm8YUjuKyT/QUssNFzRCxRkoZSm59UXY+2jX0NR+3I=",
            "code_signing_config_arn": "",
            "dead_letter_config": [],
            "description": "",
            "durable_config": [],
            "environment": [],
            "ephemeral_storage": [
              {
                "size": 512
              }
            ],
            "file_system_config": [],
            "filename": "modules/lambdas/dist/mcp-weather-server.zip",
            "function_name": "airlines-app-dev-mcp-weather-server",
            "handler": "handler.lambda_handler",
            "id": "airlines-app-dev-mcp-weather-server",
            "image_config": [],
            "image_uri": "",
            "invoke_arn": "arn:aws:apigateway:us-east-1:lambda:path/2015-03-31/functions/arn:aws:lambda:us-east-1:055068999919:function:airlines-app-dev-mcp-weather-server/invocations",
            "kms_key_arn": "",
            "last_modified": "2026-04-18T08:13:35.578+0000",
            "layers": [],
            "logging_config": [
              {
                "application_log_level": "",
                "log_format": "Text",
                "log_group": "/aws/lambda/airlines-app-dev-mcp-weather-server",
                "system_log_level": ""
              }
            ],
            "memory_size": 128,
            "package_type": "Zip",
            "publish": false,
            "publish_to": null,
            "qualified_arn": "arn:aws:lambda:us-east-1:055068999919:function:airlines-app-dev-mcp-weather-server:$LATEST",
            "qualified_invoke_arn": "arn:aws:apigateway:us-east-1:lambda:path/2015-03-31/functions/arn:aws:lambda:us-east-1:055068999919:function:airlines-app-dev-mcp-weather-server:$LATEST/invocations",
            "region": "us-east-1",
            "replace_security_groups_on_destroy": null,
            "replacement_security_group_ids": null,
            "reserved_concurrent_executions": -1,
            "response_streaming_invoke_arn": "arn:aws:apigateway:us-east-1:lambda:path/2021-11-15/functions/arn:aws:lambda:us-east-1:055068999919:function:airlines-app-dev-mcp-weather-server/response-streaming-invocations",
            "role": "arn:aws:iam::055068999919:role/airlines-app-dev-lambda-role",
            "runtime": "python3.12",
            "s3_bucket": null,
            "s3_key": null,
            "s3_object_version": null,
            "signing_job_arn": "",
            "signing_profile_version_arn": "",
            "skip_destroy": false,
            "snap_start": [],
            "source_code_hash": "REm8YUjuKyT/QUssNFzRCxRkoZSm59UXY+2jX0NR+3I=",
            "source_code_size": 1080,
            "source_kms_key_arn": "",
            "tags": {
              "Name": "airlines-app-dev-mcp-weather-server",
              "env": "dev",
              "managed-by": "terraform",
              "owner": "dfloresgonz",
              "project": "airlines-app"
            },
            "tags_all": {
              "Name": "airlines-app-dev-mcp-weather-server",
              "env": "dev",
              "managed-by": "terraform",
              "owner": "dfloresgonz",
              "project": "airlines-app"
            },
            "tenancy_config": [],
            "timeout": 10,
            "timeouts": null,
            "tracing_config": [
              {
                "mode": "PassThrough"
              }
            ],
            "version": "$LATEST",
            "vpc_config": []
          },
          "sensitive_attributes": [],
          "private": "eyJlMmJmYjczMC1lY2FhLTExZTYtOGY4OC0zNDM2M2JjN2M0YzAiOnsiY3JlYXRlIjo2MDAwMDAwMDAwMDAsImRlbGV0ZSI6NjAwMDAwMDAwMDAwLCJ1cGRhdGUiOjYwMDAwMDAwMDAwMH19",
          "dependencies": [
            "module.iam.aws_iam_role.lambda",
            "module.lambdas.data.archive_file.mcp_weather_server"
          ]
        }
      ]
    },
    {
      "module": "module.lambdas",
      "mode": "managed",
      "type": "aws_lambda_function",
      "name": "reserva",
      "provider": "provider[\"registry.terraform.io/hashicorp/aws\"]",
      "instances": [
        {
          "schema_version": 0,
          "attributes": {
            "architectures": [
              "x86_64"
            ],
            "arn": "arn:aws:lambda:us-east-1:055068999919:function:airlines-app-dev-reserva",
            "capacity_provider_config": [],
            "code_sha256": "xVgFI3Q846Nq1eVQT536zzSKnmcpC90yAruCUlYTlXQ=",
            "code_signing_config_arn": "",
            "dead_letter_config": [],
            "description": "",
            "durable_config": [],
            "environment": [
              {
                "variables": {
                  "DYNAMODB_TABLE": "airlines-app-dev-reservations"
                }
              }
            ],
            "ephemeral_storage": [
              {
                "size": 512
              }
            ],
            "file_system_config": [],
            "filename": "modules/lambdas/dist/reserva.zip",
            "function_name": "airlines-app-dev-reserva",
            "handler": "handler.lambda_handler",
            "id": "airlines-app-dev-reserva",
            "image_config": [],
            "image_uri": "",
            "invoke_arn": "arn:aws:apigateway:us-east-1:lambda:path/2015-03-31/functions/arn:aws:lambda:us-east-1:055068999919:function:airlines-app-dev-reserva/invocations",
            "kms_key_arn": "",
            "last_modified": "2026-04-18T08:43:40.000+0000",
            "layers": [],
            "logging_config": [
              {
                "application_log_level": "",
                "log_format": "Text",
                "log_group": "/aws/lambda/airlines-app-dev-reserva",
                "system_log_level": ""
              }
            ],
            "memory_size": 128,
            "package_type": "Zip",
            "publish": false,
            "publish_to": null,
            "qualified_arn": "arn:aws:lambda:us-east-1:055068999919:function:airlines-app-dev-reserva:$LATEST",
            "qualified_invoke_arn": "arn:aws:apigateway:us-east-1:lambda:path/2015-03-31/functions/arn:aws:lambda:us-east-1:055068999919:function:airlines-app-dev-reserva:$LATEST/invocations",
            "region": "us-east-1",
            "replace_security_groups_on_destroy": null,
            "replacement_security_group_ids": null,
            "reserved_concurrent_executions": -1,
            "response_streaming_invoke_arn": "arn:aws:apigateway:us-east-1:lambda:path/2021-11-15/functions/arn:aws:lambda:us-east-1:055068999919:function:airlines-app-dev-reserva/response-streaming-invocations",
            "role": "arn:aws:iam::055068999919:role/airlines-app-dev-lambda-role",
            "runtime": "python3.12",
            "s3_bucket": null,
            "s3_key": null,
            "s3_object_version": null,
            "signing_job_arn": "",
            "signing_profile_version_arn": "",
            "skip_destroy": false,
            "snap_start": [],
            "source_code_hash": "xVgFI3Q846Nq1eVQT536zzSKnmcpC90yAruCUlYTlXQ=",
            "source_code_size": 896,
            "source_kms_key_arn": "",
            "tags": {
              "Name": "airlines-app-dev-reserva",
              "env": "dev",
              "managed-by": "terraform",
              "owner": "dfloresgonz",
              "project": "airlines-app"
            },
            "tags_all": {
              "Name": "airlines-app-dev-reserva",
              "env": "dev",
              "managed-by": "terraform",
              "owner": "dfloresgonz",
              "project": "airlines-app"
            },
            "tenancy_config": [],
            "timeout": 30,
            "timeouts": null,
            "tracing_config": [
              {
                "mode": "PassThrough"
              }
            ],
            "version": "$LATEST",
            "vpc_config": []
          },
          "sensitive_attributes": [],
          "private": "eyJlMmJmYjczMC1lY2FhLTExZTYtOGY4OC0zNDM2M2JjN2M0YzAiOnsiY3JlYXRlIjo2MDAwMDAwMDAwMDAsImRlbGV0ZSI6NjAwMDAwMDAwMDAwLCJ1cGRhdGUiOjYwMDAwMDAwMDAwMH19",
          "dependencies": [
            "module.dynamodb.aws_dynamodb_table.reservations",
            "module.iam.aws_iam_role.lambda",
            "module.lambdas.data.archive_file.reserva"
          ]
        }
      ]
    },
    {
      "module": "module.lambdas",
      "mode": "managed",
      "type": "aws_lambda_function_url",
      "name": "mcp_weather_server",
      "provider": "provider[\"registry.terraform.io/hashicorp/aws\"]",
      "instances": [
        {
          "schema_version": 0,
          "attributes": {
            "authorization_type": "NONE",
            "cors": [],
            "function_arn": "arn:aws:lambda:us-east-1:055068999919:function:airlines-app-dev-mcp-weather-server",
            "function_name": "airlines-app-dev-mcp-weather-server",
            "function_url": "https://7v2caahaftw3gbj5mz23ruvwpa0wrmie.lambda-url.us-east-1.on.aws/",
            "id": "airlines-app-dev-mcp-weather-server",
            "invoke_mode": "BUFFERED",
            "qualifier": "",
            "region": "us-east-1",
            "timeouts": null,
            "url_id": "7v2caahaftw3gbj5mz23ruvwpa0wrmie"
          },
          "sensitive_attributes": [],
          "private": "eyJlMmJmYjczMC1lY2FhLTExZTYtOGY4OC0zNDM2M2JjN2M0YzAiOnsiY3JlYXRlIjo2MDAwMDAwMDAwMDB9fQ==",
          "dependencies": [
            "module.iam.aws_iam_role.lambda",
            "module.lambdas.aws_lambda_function.mcp_weather_server",
            "module.lambdas.data.archive_file.mcp_weather_server"
          ]
        }
      ]
    }
  ],
  "check_results": null
}
