{
  "version": 4,
  "terraform_version": "1.9.5",
  "serial": 42,
  "lineage": "f512876e-5228-60d7-8956-9d2eb1ea60ea",
  "outputs": {
    "agent_alias_id": {
      "value": "Z7QDIM9XMM",
      "type": "string"
    },
    "agent_id": {
      "value": "1WAFXTXMPQ",
      "type": "string"
    },
    "consultar_reserva_function_name": {
      "value": "airlines-app-dev-consultar-reserva",
      "type": "string"
    },
    "data_source_id": {
      "value": "C6BGHDIRKO",
      "type": "string"
    },
    "dynamodb_table_name": {
      "value": "airlines-app-dev-reservations",
      "type": "string"
    },
    "kb_bucket_name": {
      "value": "airlines-app-dev-kb-docs-055068999919",
      "type": "string"
    },
    "knowledge_base_id": {
      "value": "KKUUW0WQMA",
      "type": "string"
    },
    "reserva_function_name": {
      "value": "airlines-app-dev-reserva",
      "type": "string"
    },
    "skill_function_name": {
      "value": "airlines-app-dev-skill",
      "type": "string"
    },
    "skill_function_url": {
      "value": "https://myamfm36nsqvgh4owcg65nike40qkjtn.lambda-url.us-east-1.on.aws/",
      "type": "string"
    }
  },
  "resources": [
    {
      "mode": "data",
      "type": "aws_caller_identity",
      "name": "current",
      "provider": "provider[\"registry.terraform.io/hashicorp/aws\"]",
      "instances": [
        {
          "schema_version": 0,
          "attributes": {
            "account_id": "055068999919",
            "arn": "arn:aws:iam::055068999919:user/diego-lympha",
            "id": "055068999919",
            "user_id": "AIDAQZUS6IDXSCJMHHNOA"
          },
          "sensitive_attributes": []
        }
      ]
    },
    {
      "mode": "managed",
      "type": "aws_lambda_permission",
      "name": "alexa",
      "provider": "provider[\"registry.terraform.io/hashicorp/aws\"]",
      "instances": [
        {
          "schema_version": 0,
          "attributes": {
            "action": "lambda:InvokeFunction",
            "event_source_token": "amzn1.ask.skill.74bcdd10-3faf-4c6e-96ce-f1065467dc66",
            "function_name": "airlines-app-dev-skill",
            "function_url_auth_type": "",
            "id": "AllowAlexaInvoke",
            "invoked_via_function_url": null,
            "principal": "alexa-appkit.amazon.com",
            "principal_org_id": "",
            "qualifier": "",
            "region": "us-east-1",
            "source_account": "",
            "source_arn": null,
            "statement_id": "AllowAlexaInvoke",
            "statement_id_prefix": ""
          },
          "sensitive_attributes": [],
          "private": "bnVsbA==",
          "dependencies": [
            "aws_s3_bucket.kb_docs",
            "data.aws_caller_identity.current",
            "module.bedrock_agent.aws_bedrockagent_agent.main",
            "module.bedrock_agent.aws_bedrockagent_agent_action_group.consultar",
            "module.bedrock_agent.aws_bedrockagent_agent_action_group.reservar",
            "module.bedrock_agent.aws_bedrockagent_agent_alias.live",
            "module.bedrock_agent.aws_bedrockagent_agent_knowledge_base_association.main",
            "module.bedrock_agent.aws_bedrockagent_knowledge_base.main",
            "module.bedrock_agent.aws_iam_role.kb",
            "module.bedrock_agent.aws_iam_role_policy.kb",
            "module.bedrock_agent.aws_lambda_permission.bedrock_consultar_reserva",
            "module.bedrock_agent.aws_lambda_permission.bedrock_reserva",
            "module.bedrock_agent.aws_s3vectors_index.kb",
            "module.bedrock_agent.aws_s3vectors_vector_bucket.kb",
            "module.bedrock_agent.data.aws_caller_identity.current",
            "module.bedrock_agent.data.aws_region.current",
            "module.dynamodb.aws_dynamodb_table.reservations",
            "module.iam.aws_iam_role.bedrock_agent",
            "module.iam.aws_iam_role.lambda",
            "module.lambdas.aws_lambda_function.consultar_reserva",
            "module.lambdas.aws_lambda_function.reserva",
            "module.lambdas.data.archive_file.consultar_reserva",
            "module.lambdas.data.archive_file.reserva",
            "module.skill.aws_lambda_function.skill",
            "module.skill.data.archive_file.skill"
          ]
        }
      ]
    },
    {
      "mode": "managed",
      "type": "aws_s3_bucket",
      "name": "kb_docs",
      "provider": "provider[\"registry.terraform.io/hashicorp/aws\"]",
      "instances": [
        {
          "schema_version": 0,
          "attributes": {
            "acceleration_status": "",
            "acl": null,
            "arn": "arn:aws:s3:::airlines-app-dev-kb-docs-055068999919",
            "bucket": "airlines-app-dev-kb-docs-055068999919",
            "bucket_domain_name": "airlines-app-dev-kb-docs-055068999919.s3.amazonaws.com",
            "bucket_namespace": "global",
            "bucket_prefix": "",
            "bucket_region": "us-east-1",
            "bucket_regional_domain_name": "airlines-app-dev-kb-docs-055068999919.s3.us-east-1.amazonaws.com",
            "cors_rule": [],
            "force_destroy": false,
            "grant": [
              {
                "id": "f992adca4c77ad005cf928c655fbb18090311b3e7e6987d19584891fb32f8542",
                "permissions": [
                  "FULL_CONTROL"
                ],
                "type": "CanonicalUser",
                "uri": ""
              }
            ],
            "hosted_zone_id": "Z3AQBSTGFYJSTF",
            "id": "airlines-app-dev-kb-docs-055068999919",
            "lifecycle_rule": [],
            "logging": [],
            "object_lock_configuration": [],
            "object_lock_enabled": false,
            "policy": "",
            "region": "us-east-1",
            "replication_configuration": [],
            "request_payer": "BucketOwner",
            "server_side_encryption_configuration": [
              {
                "rule": [
                  {
                    "apply_server_side_encryption_by_default": [
                      {
                        "kms_master_key_id": "",
                        "sse_algorithm": "AES256"
                      }
                    ],
                    "bucket_key_enabled": false
                  }
                ]
              }
            ],
            "tags": {
              "Name": "airlines-app-dev-kb-docs",
              "env": "dev",
              "managed-by": "terraform",
              "owner": "dfloresgonz",
              "project": "airlines-app"
            },
            "tags_all": {
              "Name": "airlines-app-dev-kb-docs",
              "env": "dev",
              "managed-by": "terraform",
              "owner": "dfloresgonz",
              "project": "airlines-app"
            },
            "timeouts": null,
            "versioning": [
              {
                "enabled": true,
                "mfa_delete": false
              }
            ],
            "website": [],
            "website_domain": null,
            "website_endpoint": null
          },
          "sensitive_attributes": [],
          "private": "eyJlMmJmYjczMC1lY2FhLTExZTYtOGY4OC0zNDM2M2JjN2M0YzAiOnsiY3JlYXRlIjoxMjAwMDAwMDAwMDAwLCJkZWxldGUiOjM2MDAwMDAwMDAwMDAsInJlYWQiOjEyMDAwMDAwMDAwMDAsInVwZGF0ZSI6MTIwMDAwMDAwMDAwMH19",
          "dependencies": [
            "data.aws_caller_identity.current"
          ]
        }
      ]
    },
    {
      "mode": "managed",
      "type": "aws_s3_bucket_public_access_block",
      "name": "kb_docs",
      "provider": "provider[\"registry.terraform.io/hashicorp/aws\"]",
      "instances": [
        {
          "schema_version": 0,
          "attributes": {
            "block_public_acls": true,
            "block_public_policy": true,
            "bucket": "airlines-app-dev-kb-docs-055068999919",
            "id": "airlines-app-dev-kb-docs-055068999919",
            "ignore_public_acls": true,
            "region": "us-east-1",
            "restrict_public_buckets": true,
            "skip_destroy": null
          },
          "sensitive_attributes": [],
          "private": "bnVsbA==",
          "dependencies": [
            "aws_s3_bucket.kb_docs",
            "data.aws_caller_identity.current"
          ]
        }
      ]
    },
    {
      "mode": "managed",
      "type": "aws_s3_bucket_server_side_encryption_configuration",
      "name": "kb_docs",
      "provider": "provider[\"registry.terraform.io/hashicorp/aws\"]",
      "instances": [
        {
          "schema_version": 0,
          "attributes": {
            "bucket": "airlines-app-dev-kb-docs-055068999919",
            "expected_bucket_owner": "",
            "id": "airlines-app-dev-kb-docs-055068999919",
            "region": "us-east-1",
            "rule": [
              {
                "apply_server_side_encryption_by_default": [
                  {
                    "kms_master_key_id": "",
                    "sse_algorithm": "AES256"
                  }
                ],
                "blocked_encryption_types": [
                  "SSE-C"
                ],
                "bucket_key_enabled": false
              }
            ]
          },
          "sensitive_attributes": [],
          "private": "bnVsbA==",
          "dependencies": [
            "aws_s3_bucket.kb_docs",
            "data.aws_caller_identity.current"
          ]
        }
      ]
    },
    {
      "mode": "managed",
      "type": "aws_s3_bucket_versioning",
      "name": "kb_docs",
      "provider": "provider[\"registry.terraform.io/hashicorp/aws\"]",
      "instances": [
        {
          "schema_version": 0,
          "attributes": {
            "bucket": "airlines-app-dev-kb-docs-055068999919",
            "expected_bucket_owner": "",
            "id": "airlines-app-dev-kb-docs-055068999919",
            "mfa": null,
            "region": "us-east-1",
            "versioning_configuration": [
              {
                "mfa_delete": "",
                "status": "Enabled"
              }
            ]
          },
          "sensitive_attributes": [],
          "private": "bnVsbA==",
          "dependencies": [
            "aws_s3_bucket.kb_docs",
            "data.aws_caller_identity.current"
          ]
        }
      ]
    },
    {
      "module": "module.bedrock_agent",
      "mode": "data",
      "type": "aws_caller_identity",
      "name": "current",
      "provider": "provider[\"registry.terraform.io/hashicorp/aws\"]",
      "instances": [
        {
          "schema_version": 0,
          "attributes": {
            "account_id": "055068999919",
            "arn": "arn:aws:iam::055068999919:user/diego-lympha",
            "id": "055068999919",
            "user_id": "AIDAQZUS6IDXSCJMHHNOA"
          },
          "sensitive_attributes": []
        }
      ]
    },
    {
      "module": "module.bedrock_agent",
      "mode": "data",
      "type": "aws_region",
      "name": "current",
      "provider": "provider[\"registry.terraform.io/hashicorp/aws\"]",
      "instances": [
        {
          "schema_version": 0,
          "attributes": {
            "description": "US East (N. Virginia)",
            "endpoint": "ec2.us-east-1.amazonaws.com",
            "id": "us-east-1",
            "name": "us-east-1",
            "region": "us-east-1"
          },
          "sensitive_attributes": []
        }
      ]
    },
    {
      "module": "module.bedrock_agent",
      "mode": "managed",
      "type": "aws_bedrockagent_agent",
      "name": "main",
      "provider": "provider[\"registry.terraform.io/hashicorp/aws\"]",
      "instances": [
        {
          "schema_version": 0,
          "attributes": {
            "agent_arn": "arn:aws:bedrock:us-east-1:055068999919:agent/1WAFXTXMPQ",
            "agent_collaboration": "DISABLED",
            "agent_id": "1WAFXTXMPQ",
            "agent_name": "airlines-app-dev-agent",
            "agent_resource_role_arn": "arn:aws:iam::055068999919:role/airlines-app-dev-bedrock-agent-role",
            "agent_version": null,
            "customer_encryption_key_arn": null,
            "description": null,
            "foundation_model": "anthropic.claude-3-haiku-20240307-v1:0",
            "guardrail_configuration": null,
            "id": "1WAFXTXMPQ",
            "idle_session_ttl_in_seconds": 600,
            "instruction": "You are a helpful airline assistant. You help customers with:\n- Booking new flight reservations using the reservar_vuelo function.\n- Looking up existing reservations using the consultar_reserva function.\nConsult the knowledge base for questions about baggage, cancellations, and pet policies.\nAlways confirm reservation details with the customer before booking.\nBe concise, polite, and professional. Respond in the same language the customer uses.\n",
            "memory_configuration": null,
            "prepare_agent": true,
            "prepared_at": "2026-04-18T03:06:50Z",
            "prompt_override_configuration": [
              {
                "override_lambda": null,
                "prompt_configurations": null
              }
            ],
            "region": "us-east-1",
            "skip_resource_in_use_check": false,
            "tags": {
              "env": "dev",
              "managed-by": "terraform",
              "owner": "dfloresgonz",
              "project": "airlines-app"
            },
            "tags_all": {
              "env": "dev",
              "managed-by": "terraform",
              "owner": "dfloresgonz",
              "project": "airlines-app"
            },
            "timeouts": null
          },
          "sensitive_attributes": [],
          "dependencies": [
            "module.iam.aws_iam_role.bedrock_agent"
          ]
        }
      ]
    },
    {
      "module": "module.bedrock_agent",
      "mode": "managed",
      "type": "aws_bedrockagent_agent_action_group",
      "name": "consultar",
      "provider": "provider[\"registry.terraform.io/hashicorp/aws\"]",
      "instances": [
        {
          "schema_version": 0,
          "attributes": {
            "action_group_executor": [
              {
                "custom_control": null,
                "lambda": "arn:aws:lambda:us-east-1:055068999919:function:airlines-app-dev-consultar-reserva"
              }
            ],
            "action_group_id": "IY18VJN2ZM",
            "action_group_name": "consultar-reserva",
            "action_group_state": "ENABLED",
            "agent_id": "1WAFXTXMPQ",
            "agent_version": "DRAFT",
            "api_schema": [],
            "description": "Look up an existing reservation",
            "function_schema": [
              {
                "member_functions": [
                  {
                    "functions": [
                      {
                        "description": "Retrieves details of an existing reservation by ID",
                        "name": "consultar_reserva",
                        "parameters": [
                          {
                            "description": "The reservation ID to look up",
                            "map_block_key": "reservation_id",
                            "required": true,
                            "type": "string"
                          }
                        ]
                      }
                    ]
                  }
                ]
              }
            ],
            "id": "IY18VJN2ZM,1WAFXTXMPQ,DRAFT",
            "parent_action_group_signature": null,
            "prepare_agent": true,
            "region": "us-east-1",
            "skip_resource_in_use_check": false,
            "timeouts": null
          },
          "sensitive_attributes": [],
          "dependencies": [
            "module.bedrock_agent.aws_bedrockagent_agent.main",
            "module.bedrock_agent.aws_lambda_permission.bedrock_consultar_reserva",
            "module.bedrock_agent.data.aws_caller_identity.current",
            "module.bedrock_agent.data.aws_region.current",
            "module.dynamodb.aws_dynamodb_table.reservations",
            "module.iam.aws_iam_role.bedrock_agent",
            "module.iam.aws_iam_role.lambda",
            "module.lambdas.aws_lambda_function.consultar_reserva",
            "module.lambdas.data.archive_file.consultar_reserva"
          ]
        }
      ]
    },
    {
      "module": "module.bedrock_agent",
      "mode": "managed",
      "type": "aws_bedrockagent_agent_action_group",
      "name": "reservar",
      "provider": "provider[\"registry.terraform.io/hashicorp/aws\"]",
      "instances": [
        {
          "schema_version": 0,
          "attributes": {
            "action_group_executor": [
              {
                "custom_control": null,
                "lambda": "arn:aws:lambda:us-east-1:055068999919:function:airlines-app-dev-reserva"
              }
            ],
            "action_group_id": "AYIEQMMB9V",
            "action_group_name": "reservar-vuelo",
            "action_group_state": "ENABLED",
            "agent_id": "1WAFXTXMPQ",
            "agent_version": "DRAFT",
            "api_schema": [],
            "description": "Book a new flight reservation",
            "function_schema": [
              {
                "member_functions": [
                  {
                    "functions": [
                      {
                        "description": "Creates a new flight reservation for a passenger",
                        "name": "reservar_vuelo",
                        "parameters": [
                          {
                            "description": "Departure date in YYYY-MM-DD format",
                            "map_block_key": "departure_date",
                            "required": true,
                            "type": "string"
                          },
                          {
                            "description": "Flight number (e.g. AA123)",
                            "map_block_key": "flight_number",
                            "required": true,
                            "type": "string"
                          },
                          {
                            "description": "Full name of the passenger",
                            "map_block_key": "passenger_name",
                            "required": true,
                            "type": "string"
                          },
                          {
                            "description": "Seat class: economy, business, or first",
                            "map_block_key": "seat_class",
                            "required": false,
                            "type": "string"
                          }
                        ]
                      }
                    ]
                  }
                ]
              }
            ],
            "id": "AYIEQMMB9V,1WAFXTXMPQ,DRAFT",
            "parent_action_group_signature": null,
            "prepare_agent": true,
            "region": "us-east-1",
            "skip_resource_in_use_check": false,
            "timeouts": null
          },
          "sensitive_attributes": [],
          "dependencies": [
            "module.bedrock_agent.aws_bedrockagent_agent.main",
            "module.bedrock_agent.aws_lambda_permission.bedrock_reserva",
            "module.bedrock_agent.data.aws_caller_identity.current",
            "module.bedrock_agent.data.aws_region.current",
            "module.dynamodb.aws_dynamodb_table.reservations",
            "module.iam.aws_iam_role.bedrock_agent",
            "module.iam.aws_iam_role.lambda",
            "module.lambdas.aws_lambda_function.reserva",
            "module.lambdas.data.archive_file.reserva"
          ]
        }
      ]
    },
    {
      "module": "module.bedrock_agent",
      "mode": "managed",
      "type": "aws_bedrockagent_agent_alias",
      "name": "live",
      "provider": "provider[\"registry.terraform.io/hashicorp/aws\"]",
      "instances": [
        {
          "schema_version": 0,
          "attributes": {
            "agent_alias_arn": "arn:aws:bedrock:us-east-1:055068999919:agent-alias/1WAFXTXMPQ/Z7QDIM9XMM",
            "agent_alias_id": "Z7QDIM9XMM",
            "agent_alias_name": "live",
            "agent_id": "1WAFXTXMPQ",
            "description": null,
            "id": "Z7QDIM9XMM,1WAFXTXMPQ",
            "region": "us-east-1",
            "routing_configuration": [
              {
                "agent_version": "1",
                "provisioned_throughput": null
              }
            ],
            "tags": {
              "env": "dev",
              "managed-by": "terraform",
              "owner": "dfloresgonz",
              "project": "airlines-app"
            },
            "tags_all": {
              "env": "dev",
              "managed-by": "terraform",
              "owner": "dfloresgonz",
              "project": "airlines-app"
            },
            "timeouts": null
          },
          "sensitive_attributes": [],
          "dependencies": [
            "aws_s3_bucket.kb_docs",
            "data.aws_caller_identity.current",
            "module.bedrock_agent.aws_bedrockagent_agent.main",
            "module.bedrock_agent.aws_bedrockagent_agent_action_group.consultar",
            "module.bedrock_agent.aws_bedrockagent_agent_action_group.reservar",
            "module.bedrock_agent.aws_bedrockagent_agent_knowledge_base_association.main",
            "module.bedrock_agent.aws_bedrockagent_knowledge_base.main",
            "module.bedrock_agent.aws_iam_role.kb",
            "module.bedrock_agent.aws_iam_role_policy.kb",
            "module.bedrock_agent.aws_lambda_permission.bedrock_consultar_reserva",
            "module.bedrock_agent.aws_lambda_permission.bedrock_reserva",
            "module.bedrock_agent.aws_s3vectors_index.kb",
            "module.bedrock_agent.aws_s3vectors_vector_bucket.kb",
            "module.bedrock_agent.data.aws_caller_identity.current",
            "module.bedrock_agent.data.aws_region.current",
            "module.dynamodb.aws_dynamodb_table.reservations",
            "module.iam.aws_iam_role.bedrock_agent",
            "module.iam.aws_iam_role.lambda",
            "module.lambdas.aws_lambda_function.consultar_reserva",
            "module.lambdas.aws_lambda_function.reserva",
            "module.lambdas.data.archive_file.consultar_reserva",
            "module.lambdas.data.archive_file.reserva"
          ]
        }
      ]
    },
    {
      "module": "module.bedrock_agent",
      "mode": "managed",
      "type": "aws_bedrockagent_agent_knowledge_base_association",
      "name": "main",
      "provider": "provider[\"registry.terraform.io/hashicorp/aws\"]",
      "instances": [
        {
          "schema_version": 0,
          "attributes": {
            "agent_id": "1WAFXTXMPQ",
            "agent_version": "DRAFT",
            "description": "Airline policies: baggage, cancellations, pets",
            "id": "1WAFXTXMPQ,DRAFT,KKUUW0WQMA",
            "knowledge_base_id": "KKUUW0WQMA",
            "knowledge_base_state": "ENABLED",
            "region": "us-east-1",
            "timeouts": null
          },
          "sensitive_attributes": [],
          "dependencies": [
            "aws_s3_bucket.kb_docs",
            "data.aws_caller_identity.current",
            "module.bedrock_agent.aws_bedrockagent_agent.main",
            "module.bedrock_agent.aws_bedrockagent_knowledge_base.main",
            "module.bedrock_agent.aws_iam_role.kb",
            "module.bedrock_agent.aws_iam_role_policy.kb",
            "module.bedrock_agent.aws_s3vectors_index.kb",
            "module.bedrock_agent.aws_s3vectors_vector_bucket.kb",
            "module.bedrock_agent.data.aws_caller_identity.current",
            "module.bedrock_agent.data.aws_region.current",
            "module.iam.aws_iam_role.bedrock_agent"
          ]
        }
      ]
    },
    {
      "module": "module.bedrock_agent",
      "mode": "managed",
      "type": "aws_bedrockagent_data_source",
      "name": "s3",
      "provider": "provider[\"registry.terraform.io/hashicorp/aws\"]",
      "instances": [
        {
          "schema_version": 0,
          "attributes": {
            "data_deletion_policy": "DELETE",
            "data_source_configuration": [
              {
                "confluence_configuration": [],
                "s3_configuration": [
                  {
                    "bucket_arn": "arn:aws:s3:::airlines-app-dev-kb-docs-055068999919",
                    "bucket_owner_account_id": null,
                    "inclusion_prefixes": null
                  }
                ],
                "salesforce_configuration": [],
                "share_point_configuration": [],
                "type": "S3",
                "web_configuration": []
              }
            ],
            "data_source_id": "C6BGHDIRKO",
            "description": null,
            "id": "C6BGHDIRKO,KKUUW0WQMA",
            "knowledge_base_id": "KKUUW0WQMA",
            "name": "airlines-app-dev-s3-docs",
            "region": "us-east-1",
            "server_side_encryption_configuration": [],
            "timeouts": null,
            "vector_ingestion_configuration": [
              {
                "chunking_configuration": [
                  {
                    "chunking_strategy": "FIXED_SIZE",
                    "fixed_size_chunking_configuration": [
                      {
                        "max_tokens": 150,
                        "overlap_percentage": 10
                      }
                    ],
                    "hierarchical_chunking_configuration": [],
                    "semantic_chunking_configuration": []
                  }
                ],
                "custom_transformation_configuration": [],
                "parsing_configuration": []
              }
            ]
          },
          "sensitive_attributes": [],
          "dependencies": [
            "aws_s3_bucket.kb_docs",
            "data.aws_caller_identity.current",
            "module.bedrock_agent.aws_bedrockagent_knowledge_base.main",
            "module.bedrock_agent.aws_iam_role.kb",
            "module.bedrock_agent.aws_iam_role_policy.kb",
            "module.bedrock_agent.aws_s3vectors_index.kb",
            "module.bedrock_agent.aws_s3vectors_vector_bucket.kb",
            "module.bedrock_agent.data.aws_caller_identity.current",
            "module.bedrock_agent.data.aws_region.current"
          ]
        }
      ]
    },
    {
      "module": "module.bedrock_agent",
      "mode": "managed",
      "type": "aws_bedrockagent_knowledge_base",
      "name": "main",
      "provider": "provider[\"registry.terraform.io/hashicorp/aws\"]",
      "instances": [
        {
          "schema_version": 0,
          "attributes": {
            "arn": "arn:aws:bedrock:us-east-1:055068999919:knowledge-base/KKUUW0WQMA",
            "created_at": "2026-04-18T03:06:30Z",
            "description": null,
            "failure_reasons": null,
            "id": "KKUUW0WQMA",
            "knowledge_base_configuration": [
              {
                "kendra_knowledge_base_configuration": [],
                "sql_knowledge_base_configuration": [],
                "type": "VECTOR",
                "vector_knowledge_base_configuration": [
                  {
                    "embedding_model_arn": "arn:aws:bedrock:us-east-1::foundation-model/amazon.titan-embed-text-v2:0",
                    "embedding_model_configuration": [
                      {
                        "bedrock_embedding_model_configuration": [
                          {
                            "dimensions": 1024,
                            "embedding_data_type": "FLOAT32"
                          }
                        ]
                      }
                    ],
                    "supplemental_data_storage_configuration": []
                  }
                ]
              }
            ],
            "name": "airlines-app-dev-kb",
            "region": "us-east-1",
            "role_arn": "arn:aws:iam::055068999919:role/airlines-app-dev-bedrock-kb-role",
            "storage_configuration": [
              {
                "mongo_db_atlas_configuration": [],
                "neptune_analytics_configuration": [],
                "opensearch_managed_cluster_configuration": [],
                "opensearch_serverless_configuration": [],
                "pinecone_configuration": [],
                "rds_configuration": [],
                "redis_enterprise_cloud_configuration": [],
                "s3_vectors_configuration": [
                  {
                    "index_arn": "arn:aws:s3vectors:us-east-1:055068999919:bucket/airlines-app-dev-kb-vectors/index/airlines-app-dev-kb-index",
                    "index_name": null,
                    "vector_bucket_arn": null
                  }
                ],
                "type": "S3_VECTORS"
              }
            ],
            "tags": {
              "env": "dev",
              "managed-by": "terraform",
              "owner": "dfloresgonz",
              "project": "airlines-app"
            },
            "tags_all": {
              "env": "dev",
              "managed-by": "terraform",
              "owner": "dfloresgonz",
              "project": "airlines-app"
            },
            "timeouts": null,
            "updated_at": "2026-04-18T03:06:30Z"
          },
          "sensitive_attributes": [],
          "dependencies": [
            "aws_s3_bucket.kb_docs",
            "data.aws_caller_identity.current",
            "module.bedrock_agent.aws_iam_role.kb",
            "module.bedrock_agent.aws_iam_role_policy.kb",
            "module.bedrock_agent.aws_s3vectors_index.kb",
            "module.bedrock_agent.aws_s3vectors_vector_bucket.kb",
            "module.bedrock_agent.data.aws_caller_identity.current",
            "module.bedrock_agent.data.aws_region.current"
          ]
        }
      ]
    },
    {
      "module": "module.bedrock_agent",
      "mode": "managed",
      "type": "aws_iam_role",
      "name": "kb",
      "provider": "provider[\"registry.terraform.io/hashicorp/aws\"]",
      "instances": [
        {
          "schema_version": 0,
          "attributes": {
            "arn": "arn:aws:iam::055068999919:role/airlines-app-dev-bedrock-kb-role",
            "assume_role_policy": "{\"Statement\":[{\"Action\":\"sts:AssumeRole\",\"Condition\":{\"ArnLike\":{\"aws:SourceArn\":\"arn:aws:bedrock:us-east-1:055068999919:knowledge-base/*\"},\"StringEquals\":{\"aws:SourceAccount\":\"055068999919\"}},\"Effect\":\"Allow\",\"Principal\":{\"Service\":\"bedrock.amazonaws.com\"}}],\"Version\":\"2012-10-17\"}",
            "create_date": "2026-04-18T03:06:19Z",
            "description": "",
            "force_detach_policies": false,
            "id": "airlines-app-dev-bedrock-kb-role",
            "inline_policy": [
              {
                "name": "kb-permissions",
                "policy": "{\"Version\":\"2012-10-17\",\"Statement\":[{\"Action\":[\"s3:GetObject\",\"s3:ListBucket\"],\"Effect\":\"Allow\",\"Resource\":[\"arn:aws:s3:::airlines-app-dev-kb-docs-055068999919\",\"arn:aws:s3:::airlines-app-dev-kb-docs-055068999919/*\"],\"Sid\":\"ReadDocuments\"},{\"Action\":[\"bedrock:InvokeModel\"],\"Effect\":\"Allow\",\"Resource\":\"arn:aws:bedrock:us-east-1::foundation-model/amazon.titan-embed-text-v2:0\",\"Sid\":\"EmbeddingModel\"},{\"Action\":[\"s3vectors:GetIndex\",\"s3vectors:PutVectors\",\"s3vectors:GetVectors\",\"s3vectors:DeleteVectors\",\"s3vectors:QueryVectors\",\"s3vectors:ListVectors\"],\"Effect\":\"Allow\",\"Resource\":[\"arn:aws:s3vectors:us-east-1:055068999919:bucket/airlines-app-dev-kb-vectors\",\"arn:aws:s3vectors:us-east-1:055068999919:bucket/airlines-app-dev-kb-vectors/index/airlines-app-dev-kb-index\"],\"Sid\":\"S3VectorsAccess\"}]}"
              }
            ],
            "managed_policy_arns": [],
            "max_session_duration": 3600,
            "name": "airlines-app-dev-bedrock-kb-role",
            "name_prefix": "",
            "path": "/",
            "permissions_boundary": "",
            "tags": {
              "env": "dev",
              "managed-by": "terraform",
              "owner": "dfloresgonz",
              "project": "airlines-app"
            },
            "tags_all": {
              "env": "dev",
              "managed-by": "terraform",
              "owner": "dfloresgonz",
              "project": "airlines-app"
            },
            "unique_id": "AROAQZUS6IDXS3CNWOP72"
          },
          "sensitive_attributes": [],
          "private": "bnVsbA==",
          "dependencies": [
            "module.bedrock_agent.data.aws_caller_identity.current",
            "module.bedrock_agent.data.aws_region.current"
          ]
        }
      ]
    },
    {
      "module": "module.bedrock_agent",
      "mode": "managed",
      "type": "aws_iam_role_policy",
      "name": "kb",
      "provider": "provider[\"registry.terraform.io/hashicorp/aws\"]",
      "instances": [
        {
          "schema_version": 0,
          "attributes": {
            "id": "airlines-app-dev-bedrock-kb-role:kb-permissions",
            "name": "kb-permissions",
            "name_prefix": "",
            "policy": "{\"Version\":\"2012-10-17\",\"Statement\":[{\"Action\":[\"s3:GetObject\",\"s3:ListBucket\"],\"Effect\":\"Allow\",\"Resource\":[\"arn:aws:s3:::airlines-app-dev-kb-docs-055068999919\",\"arn:aws:s3:::airlines-app-dev-kb-docs-055068999919/*\"],\"Sid\":\"ReadDocuments\"},{\"Action\":[\"bedrock:InvokeModel\"],\"Effect\":\"Allow\",\"Resource\":\"arn:aws:bedrock:us-east-1::foundation-model/amazon.titan-embed-text-v2:0\",\"Sid\":\"EmbeddingModel\"},{\"Action\":[\"s3vectors:GetIndex\",\"s3vectors:PutVectors\",\"s3vectors:GetVectors\",\"s3vectors:DeleteVectors\",\"s3vectors:QueryVectors\",\"s3vectors:ListVectors\"],\"Effect\":\"Allow\",\"Resource\":[\"arn:aws:s3vectors:us-east-1:055068999919:bucket/airlines-app-dev-kb-vectors\",\"arn:aws:s3vectors:us-east-1:055068999919:bucket/airlines-app-dev-kb-vectors/index/airlines-app-dev-kb-index\"],\"Sid\":\"S3VectorsAccess\"}]}",
            "role": "airlines-app-dev-bedrock-kb-role"
          },
          "sensitive_attributes": [],
          "private": "bnVsbA==",
          "dependencies": [
            "aws_s3_bucket.kb_docs",
            "data.aws_caller_identity.current",
            "module.bedrock_agent.aws_iam_role.kb",
            "module.bedrock_agent.aws_s3vectors_index.kb",
            "module.bedrock_agent.aws_s3vectors_vector_bucket.kb",
            "module.bedrock_agent.data.aws_caller_identity.current",
            "module.bedrock_agent.data.aws_region.current"
          ]
        }
      ]
    },
    {
      "module": "module.bedrock_agent",
      "mode": "managed",
      "type": "aws_lambda_permission",
      "name": "bedrock_consultar_reserva",
      "provider": "provider[\"registry.terraform.io/hashicorp/aws\"]",
      "instances": [
        {
          "schema_version": 0,
          "attributes": {
            "action": "lambda:InvokeFunction",
            "event_source_token": null,
            "function_name": "arn:aws:lambda:us-east-1:055068999919:function:airlines-app-dev-consultar-reserva",
            "function_url_auth_type": null,
            "id": "AllowBedrockInvoke",
            "invoked_via_function_url": null,
            "principal": "bedrock.amazonaws.com",
            "principal_org_id": null,
            "qualifier": "",
            "region": "us-east-1",
            "source_account": null,
            "source_arn": "arn:aws:bedrock:us-east-1:055068999919:agent/1WAFXTXMPQ",
            "statement_id": "AllowBedrockInvoke",
            "statement_id_prefix": ""
          },
          "sensitive_attributes": [],
          "private": "bnVsbA==",
          "dependencies": [
            "module.bedrock_agent.aws_bedrockagent_agent.main",
            "module.bedrock_agent.data.aws_caller_identity.current",
            "module.bedrock_agent.data.aws_region.current",
            "module.dynamodb.aws_dynamodb_table.reservations",
            "module.iam.aws_iam_role.bedrock_agent",
            "module.iam.aws_iam_role.lambda",
            "module.lambdas.aws_lambda_function.consultar_reserva",
            "module.lambdas.data.archive_file.consultar_reserva"
          ]
        }
      ]
    },
    {
      "module": "module.bedrock_agent",
      "mode": "managed",
      "type": "aws_lambda_permission",
      "name": "bedrock_reserva",
      "provider": "provider[\"registry.terraform.io/hashicorp/aws\"]",
      "instances": [
        {
          "schema_version": 0,
          "attributes": {
            "action": "lambda:InvokeFunction",
            "event_source_token": null,
            "function_name": "arn:aws:lambda:us-east-1:055068999919:function:airlines-app-dev-reserva",
            "function_url_auth_type": null,
            "id": "AllowBedrockInvoke",
            "invoked_via_function_url": null,
            "principal": "bedrock.amazonaws.com",
            "principal_org_id": null,
            "qualifier": "",
            "region": "us-east-1",
            "source_account": null,
            "source_arn": "arn:aws:bedrock:us-east-1:055068999919:agent/1WAFXTXMPQ",
            "statement_id": "AllowBedrockInvoke",
            "statement_id_prefix": ""
          },
          "sensitive_attributes": [],
          "private": "bnVsbA==",
          "dependencies": [
            "module.bedrock_agent.aws_bedrockagent_agent.main",
            "module.bedrock_agent.data.aws_caller_identity.current",
            "module.bedrock_agent.data.aws_region.current",
            "module.dynamodb.aws_dynamodb_table.reservations",
            "module.iam.aws_iam_role.bedrock_agent",
            "module.iam.aws_iam_role.lambda",
            "module.lambdas.aws_lambda_function.reserva",
            "module.lambdas.data.archive_file.reserva"
          ]
        }
      ]
    },
    {
      "module": "module.bedrock_agent",
      "mode": "managed",
      "type": "aws_s3vectors_index",
      "name": "kb",
      "provider": "provider[\"registry.terraform.io/hashicorp/aws\"]",
      "instances": [
        {
          "schema_version": 0,
          "attributes": {
            "creation_time": "2026-04-18T03:06:19Z",
            "data_type": "float32",
            "dimension": 1024,
            "distance_metric": "cosine",
            "encryption_configuration": [
              {
                "kms_key_arn": null,
                "sse_type": "AES256"
              }
            ],
            "index_arn": "arn:aws:s3vectors:us-east-1:055068999919:bucket/airlines-app-dev-kb-vectors/index/airlines-app-dev-kb-index",
            "index_name": "airlines-app-dev-kb-index",
            "metadata_configuration": [],
            "region": "us-east-1",
            "tags": null,
            "tags_all": {},
            "vector_bucket_name": "airlines-app-dev-kb-vectors"
          },
          "sensitive_attributes": [],
          "dependencies": [
            "module.bedrock_agent.aws_s3vectors_vector_bucket.kb"
          ]
        }
      ]
    },
    {
      "module": "module.bedrock_agent",
      "mode": "managed",
      "type": "aws_s3vectors_vector_bucket",
      "name": "kb",
      "provider": "provider[\"registry.terraform.io/hashicorp/aws\"]",
      "instances": [
        {
          "schema_version": 0,
          "attributes": {
            "creation_time": "2026-04-18T03:06:19Z",
            "encryption_configuration": [
              {
                "kms_key_arn": null,
                "sse_type": "AES256"
              }
            ],
            "force_destroy": false,
            "region": "us-east-1",
            "tags": null,
            "tags_all": {},
            "vector_bucket_arn": "arn:aws:s3vectors:us-east-1:055068999919:bucket/airlines-app-dev-kb-vectors",
            "vector_bucket_name": "airlines-app-dev-kb-vectors"
          },
          "sensitive_attributes": []
        }
      ]
    },
    {
      "module": "module.dynamodb",
      "mode": "managed",
      "type": "aws_dynamodb_table",
      "name": "reservations",
      "provider": "provider[\"registry.terraform.io/hashicorp/aws\"]",
      "instances": [
        {
          "schema_version": 1,
          "attributes": {
            "arn": "arn:aws:dynamodb:us-east-1:055068999919:table/airlines-app-dev-reservations",
            "attribute": [
              {
                "name": "reservation_id",
                "type": "S"
              }
            ],
            "billing_mode": "PAY_PER_REQUEST",
            "deletion_protection_enabled": false,
            "global_secondary_index": [],
            "global_table_witness": [],
            "hash_key": "reservation_id",
            "id": "airlines-app-dev-reservations",
            "import_table": [],
            "local_secondary_index": [],
            "name": "airlines-app-dev-reservations",
            "on_demand_throughput": [],
            "point_in_time_recovery": [
              {
                "enabled": false,
                "recovery_period_in_days": 0
              }
            ],
            "range_key": null,
            "read_capacity": 0,
            "region": "us-east-1",
            "replica": [],
            "restore_backup_arn": null,
            "restore_date_time": null,
            "restore_source_name": null,
            "restore_source_table_arn": null,
            "restore_to_latest_time": null,
            "server_side_encryption": [],
            "stream_arn": "",
            "stream_enabled": false,
            "stream_label": "",
            "stream_view_type": "",
            "table_class": "STANDARD",
            "tags": {
              "Name": "airlines-app-dev-reservations",
              "env": "dev",
              "managed-by": "terraform",
              "owner": "dfloresgonz",
              "project": "airlines-app"
            },
            "tags_all": {
              "Name": "airlines-app-dev-reservations",
              "env": "dev",
              "managed-by": "terraform",
              "owner": "dfloresgonz",
              "project": "airlines-app"
            },
            "timeouts": null,
            "ttl": [
              {
                "attribute_name": "",
                "enabled": false
              }
            ],
            "warm_throughput": [],
            "write_capacity": 0
          },
          "sensitive_attributes": [],
          "private": "eyJlMmJmYjczMC1lY2FhLTExZTYtOGY4OC0zNDM2M2JjN2M0YzAiOnsiY3JlYXRlIjoxODAwMDAwMDAwMDAwLCJkZWxldGUiOjYwMDAwMDAwMDAwMCwidXBkYXRlIjozNjAwMDAwMDAwMDAwfSwic2NoZW1hX3ZlcnNpb24iOiIxIn0="
        }
      ]
    },
    {
      "module": "module.iam",
      "mode": "managed",
      "type": "aws_iam_role",
      "name": "bedrock_agent",
      "provider": "provider[\"registry.terraform.io/hashicorp/aws\"]",
      "instances": [
        {
          "schema_version": 0,
          "attributes": {
            "arn": "arn:aws:iam::055068999919:role/airlines-app-dev-bedrock-agent-role",
            "assume_role_policy": "{\"Statement\":[{\"Action\":\"sts:AssumeRole\",\"Effect\":\"Allow\",\"Principal\":{\"Service\":\"bedrock.amazonaws.com\"}}],\"Version\":\"2012-10-17\"}",
            "create_date": "2026-04-18T03:06:19Z",
            "description": "",
            "force_detach_policies": false,
            "id": "airlines-app-dev-bedrock-agent-role",
            "inline_policy": [
              {
                "name": "bedrock-agent-policy",
                "policy": "{\"Version\":\"2012-10-17\",\"Statement\":[{\"Action\":[\"bedrock:InvokeModel\"],\"Effect\":\"Allow\",\"Resource\":\"arn:aws:bedrock:us-east-1::foundation-model/anthropic.claude-3-haiku-20240307-v1:0\"},{\"Action\":[\"lambda:InvokeFunction\"],\"Effect\":\"Allow\",\"Resource\":\"arn:aws:lambda:us-east-1:055068999919:function:airlines-app-dev-*\"},{\"Action\":[\"bedrock:Retrieve\"],\"Effect\":\"Allow\",\"Resource\":\"arn:aws:bedrock:us-east-1:055068999919:knowledge-base/*\"}]}"
              }
            ],
            "managed_policy_arns": [],
            "max_session_duration": 3600,
            "name": "airlines-app-dev-bedrock-agent-role",
            "name_prefix": "",
            "path": "/",
            "permissions_boundary": "",
            "tags": {
              "env": "dev",
              "managed-by": "terraform",
              "owner": "dfloresgonz",
              "project": "airlines-app"
            },
            "tags_all": {
              "env": "dev",
              "managed-by": "terraform",
              "owner": "dfloresgonz",
              "project": "airlines-app"
            },
            "unique_id": "AROAQZUS6IDXQJC3INWZY"
          },
          "sensitive_attributes": [],
          "private": "bnVsbA=="
        }
      ]
    },
    {
      "module": "module.iam",
      "mode": "managed",
      "type": "aws_iam_role",
      "name": "lambda",
      "provider": "provider[\"registry.terraform.io/hashicorp/aws\"]",
      "instances": [
        {
          "schema_version": 0,
          "attributes": {
            "arn": "arn:aws:iam::055068999919:role/airlines-app-dev-lambda-role",
            "assume_role_policy": "{\"Statement\":[{\"Action\":\"sts:AssumeRole\",\"Effect\":\"Allow\",\"Principal\":{\"Service\":\"lambda.amazonaws.com\"}}],\"Version\":\"2012-10-17\"}",
            "create_date": "2026-04-18T03:06:19Z",
            "description": "",
            "force_detach_policies": false,
            "id": "airlines-app-dev-lambda-role",
            "inline_policy": [
              {
                "name": "lambda-policy",
                "policy": "{\"Version\":\"2012-10-17\",\"Statement\":[{\"Action\":[\"dynamodb:PutItem\",\"dynamodb:GetItem\",\"dynamodb:UpdateItem\",\"dynamodb:DeleteItem\",\"dynamodb:Query\",\"dynamodb:Scan\"],\"Effect\":\"Allow\",\"Resource\":\"arn:aws:dynamodb:us-east-1:055068999919:table/airlines-app-dev-reservations\"},{\"Action\":[\"bedrock-agent-runtime:InvokeAgent\"],\"Effect\":\"Allow\",\"Resource\":\"arn:aws:bedrock:us-east-1:055068999919:agent-alias/*\"},{\"Action\":[\"logs:CreateLogGroup\",\"logs:CreateLogStream\",\"logs:PutLogEvents\"],\"Effect\":\"Allow\",\"Resource\":\"arn:aws:logs:*:*:*\"}]}"
              }
            ],
            "managed_policy_arns": [],
            "max_session_duration": 3600,
            "name": "airlines-app-dev-lambda-role",
            "name_prefix": "",
            "path": "/",
            "permissions_boundary": "",
            "tags": {
              "env": "dev",
              "managed-by": "terraform",
              "owner": "dfloresgonz",
              "project": "airlines-app"
            },
            "tags_all": {
              "env": "dev",
              "managed-by": "terraform",
              "owner": "dfloresgonz",
              "project": "airlines-app"
            },
            "unique_id": "AROAQZUS6IDXUXIPZCT24"
          },
          "sensitive_attributes": [],
          "private": "bnVsbA=="
        }
      ]
    },
    {
      "module": "module.iam",
      "mode": "managed",
      "type": "aws_iam_role_policy",
      "name": "bedrock_agent",
      "provider": "provider[\"registry.terraform.io/hashicorp/aws\"]",
      "instances": [
        {
          "schema_version": 0,
          "attributes": {
            "id": "airlines-app-dev-bedrock-agent-role:bedrock-agent-policy",
            "name": "bedrock-agent-policy",
            "name_prefix": "",
            "policy": "{\"Version\":\"2012-10-17\",\"Statement\":[{\"Action\":[\"bedrock:InvokeModel\"],\"Effect\":\"Allow\",\"Resource\":\"arn:aws:bedrock:us-east-1::foundation-model/anthropic.claude-3-haiku-20240307-v1:0\"},{\"Action\":[\"lambda:InvokeFunction\"],\"Effect\":\"Allow\",\"Resource\":\"arn:aws:lambda:us-east-1:055068999919:function:airlines-app-dev-*\"},{\"Action\":[\"bedrock:Retrieve\"],\"Effect\":\"Allow\",\"Resource\":\"arn:aws:bedrock:us-east-1:055068999919:knowledge-base/*\"}]}",
            "role": "airlines-app-dev-bedrock-agent-role"
          },
          "sensitive_attributes": [],
          "private": "bnVsbA==",
          "dependencies": [
            "data.aws_caller_identity.current",
            "module.iam.aws_iam_role.bedrock_agent"
          ]
        }
      ]
    },
    {
      "module": "module.iam",
      "mode": "managed",
      "type": "aws_iam_role_policy",
      "name": "lambda",
      "provider": "provider[\"registry.terraform.io/hashicorp/aws\"]",
      "instances": [
        {
          "schema_version": 0,
          "attributes": {
            "id": "airlines-app-dev-lambda-role:lambda-policy",
            "name": "lambda-policy",
            "name_prefix": "",
            "policy": "{\"Version\":\"2012-10-17\",\"Statement\":[{\"Action\":[\"dynamodb:PutItem\",\"dynamodb:GetItem\",\"dynamodb:UpdateItem\",\"dynamodb:DeleteItem\",\"dynamodb:Query\",\"dynamodb:Scan\"],\"Effect\":\"Allow\",\"Resource\":\"arn:aws:dynamodb:us-east-1:055068999919:table/airlines-app-dev-reservations\"},{\"Action\":[\"bedrock-agent-runtime:InvokeAgent\"],\"Effect\":\"Allow\",\"Resource\":\"arn:aws:bedrock:us-east-1:055068999919:agent-alias/*\"},{\"Action\":[\"logs:CreateLogGroup\",\"logs:CreateLogStream\",\"logs:PutLogEvents\"],\"Effect\":\"Allow\",\"Resource\":\"arn:aws:logs:*:*:*\"}]}",
            "role": "airlines-app-dev-lambda-role"
          },
          "sensitive_attributes": [],
          "private": "bnVsbA==",
          "dependencies": [
            "data.aws_caller_identity.current",
            "module.dynamodb.aws_dynamodb_table.reservations",
            "module.iam.aws_iam_role.lambda"
          ]
        }
      ]
    },
    {
      "module": "module.lambdas",
      "mode": "data",
      "type": "archive_file",
      "name": "consultar_reserva",
      "provider": "provider[\"registry.terraform.io/hashicorp/archive\"]",
      "instances": [
        {
          "schema_version": 0,
          "attributes": {
            "exclude_symlink_directories": null,
            "excludes": null,
            "id": "ff31520e9c353339170c8f0d43ba1e2b367d997e",
            "output_base64sha256": "4XUXx5WngpquqgViWUxsQeR/+SatUY3PgIS+Ue1Y/0c=",
            "output_base64sha512": "PMq7WEmfpVPEPlouwN0Y9JBpFSp1gXrN9iVmr3a1g2RjRCqERKM+kFDnlVuEpaEr1ZAxSyr2j7KPnJpkzm7i7A==",
            "output_file_mode": null,
            "output_md5": "6cbb3bea78b519ff8fa5d8a08e58d749",
            "output_path": "modules/lambdas/dist/consultar-reserva.zip",
            "output_sha": "ff31520e9c353339170c8f0d43ba1e2b367d997e",
            "output_sha256": "e17517c795a7829aaeaa0562594c6c41e47ff926ad518dcf8084be51ed58ff47",
            "output_sha512": "3ccabb58499fa553c43e5a2ec0dd18f49069152a75817acdf62566af76b5836463442a8444a33e9050e7955b84a5a12bd590314b2af68fb28f9c9a64ce6ee2ec",
            "output_size": 533,
            "source": [],
            "source_content": null,
            "source_content_filename": null,
            "source_dir": null,
            "source_file": "./../lambdas/consultar-reserva/handler.py",
            "type": "zip"
          },
          "sensitive_attributes": []
        }
      ]
    },
    {
      "module": "module.lambdas",
      "mode": "data",
      "type": "archive_file",
      "name": "reserva",
      "provider": "provider[\"registry.terraform.io/hashicorp/archive\"]",
      "instances": [
        {
          "schema_version": 0,
          "attributes": {
            "exclude_symlink_directories": null,
            "excludes": null,
            "id": "32fdb6c2b35b9084b0e7fe6f19aa11cbcc0a2f1c",
            "output_base64sha256": "kTK+8djTgZumepEgmjixsb7twOwKH6Fxa05qGa9fFyk=",
            "output_base64sha512": "QkiZtOiuAILkSLZbFdsIO6Dam55P2+u2WrcTUXNjVTeNQcv4i3XjxRcBjCSL5FrwialZ2E2HYi5T+/F7Xf9Dag==",
            "output_file_mode": null,
            "output_md5": "d579cabccd379bac828cde567088016b",
            "output_path": "modules/lambdas/dist/reserva.zip",
            "output_sha": "32fdb6c2b35b9084b0e7fe6f19aa11cbcc0a2f1c",
            "output_sha256": "9132bef1d8d3819ba67a91209a38b1b1beedc0ec0a1fa1716b4e6a19af5f1729",
            "output_sha512": "424899b4e8ae0082e448b65b15db083ba0da9b9e4fdbebb65ab71351736355378d41cbf88b75e3c517018c248be45af089a959d84d87622e53fbf17b5dff436a",
            "output_size": 680,
            "source": [],
            "source_content": null,
            "source_content_filename": null,
            "source_dir": null,
            "source_file": "./../lambdas/reserva/handler.py",
            "type": "zip"
          },
          "sensitive_attributes": []
        }
      ]
    },
    {
      "module": "module.lambdas",
      "mode": "managed",
      "type": "aws_lambda_function",
      "name": "consultar_reserva",
      "provider": "provider[\"registry.terraform.io/hashicorp/aws\"]",
      "instances": [
        {
          "schema_version": 0,
          "attributes": {
            "architectures": [
              "x86_64"
            ],
            "arn": "arn:aws:lambda:us-east-1:055068999919:function:airlines-app-dev-consultar-reserva",
            "capacity_provider_config": [],
            "code_sha256": "4XUXx5WngpquqgViWUxsQeR/+SatUY3PgIS+Ue1Y/0c=",
            "code_signing_config_arn": "",
            "dead_letter_config": [],
            "description": "",
            "durable_config": [],
            "environment": [
              {
                "variables": {
                  "DYNAMODB_TABLE": "airlines-app-dev-reservations"
                }
              }
            ],
            "ephemeral_storage": [
              {
                "size": 512
              }
            ],
            "file_system_config": [],
            "filename": "modules/lambdas/dist/consultar-reserva.zip",
            "function_name": "airlines-app-dev-consultar-reserva",
            "handler": "handler.lambda_handler",
            "id": "airlines-app-dev-consultar-reserva",
            "image_config": [],
            "image_uri": "",
            "invoke_arn": "arn:aws:apigateway:us-east-1:lambda:path/2015-03-31/functions/arn:aws:lambda:us-east-1:055068999919:function:airlines-app-dev-consultar-reserva/invocations",
            "kms_key_arn": "",
            "last_modified": "2026-04-18T03:06:43.337+0000",
            "layers": [],
            "logging_config": [
              {
                "application_log_level": "",
                "log_format": "Text",
                "log_group": "/aws/lambda/airlines-app-dev-consultar-reserva",
                "system_log_level": ""
              }
            ],
            "memory_size": 128,
            "package_type": "Zip",
            "publish": false,
            "publish_to": null,
            "qualified_arn": "arn:aws:lambda:us-east-1:055068999919:function:airlines-app-dev-consultar-reserva:$LATEST",
            "qualified_invoke_arn": "arn:aws:apigateway:us-east-1:lambda:path/2015-03-31/functions/arn:aws:lambda:us-east-1:055068999919:function:airlines-app-dev-consultar-reserva:$LATEST/invocations",
            "region": "us-east-1",
            "replace_security_groups_on_destroy": null,
            "replacement_security_group_ids": null,
            "reserved_concurrent_executions": -1,
            "response_streaming_invoke_arn": "arn:aws:apigateway:us-east-1:lambda:path/2021-11-15/functions/arn:aws:lambda:us-east-1:055068999919:function:airlines-app-dev-consultar-reserva/response-streaming-invocations",
            "role": "arn:aws:iam::055068999919:role/airlines-app-dev-lambda-role",
            "runtime": "python3.12",
            "s3_bucket": null,
            "s3_key": null,
            "s3_object_version": null,
            "signing_job_arn": "",
            "signing_profile_version_arn": "",
            "skip_destroy": false,
            "snap_start": [],
            "source_code_hash": "4XUXx5WngpquqgViWUxsQeR/+SatUY3PgIS+Ue1Y/0c=",
            "source_code_size": 533,
            "source_kms_key_arn": "",
            "tags": {
              "Name": "airlines-app-dev-consultar-reserva",
              "env": "dev",
              "managed-by": "terraform",
              "owner": "dfloresgonz",
              "project": "airlines-app"
            },
            "tags_all": {
              "Name": "airlines-app-dev-consultar-reserva",
              "env": "dev",
              "managed-by": "terraform",
              "owner": "dfloresgonz",
              "project": "airlines-app"
            },
            "tenancy_config": [],
            "timeout": 30,
            "timeouts": null,
            "tracing_config": [
              {
                "mode": "PassThrough"
              }
            ],
            "version": "$LATEST",
            "vpc_config": []
          },
          "sensitive_attributes": [],
          "private": "eyJlMmJmYjczMC1lY2FhLTExZTYtOGY4OC0zNDM2M2JjN2M0YzAiOnsiY3JlYXRlIjo2MDAwMDAwMDAwMDAsImRlbGV0ZSI6NjAwMDAwMDAwMDAwLCJ1cGRhdGUiOjYwMDAwMDAwMDAwMH19",
          "dependencies": [
            "module.dynamodb.aws_dynamodb_table.reservations",
            "module.iam.aws_iam_role.lambda",
            "module.lambdas.data.archive_file.consultar_reserva"
          ]
        }
      ]
    },
    {
      "module": "module.lambdas",
      "mode": "managed",
      "type": "aws_lambda_function",
      "name": "reserva",
      "provider": "provider[\"registry.terraform.io/hashicorp/aws\"]",
      "instances": [
        {
          "schema_version": 0,
          "attributes": {
            "architectures": [
              "x86_64"
            ],
            "arn": "arn:aws:lambda:us-east-1:055068999919:function:airlines-app-dev-reserva",
            "capacity_provider_config": [],
            "code_sha256": "kTK+8djTgZumepEgmjixsb7twOwKH6Fxa05qGa9fFyk=",
            "code_signing_config_arn": "",
            "dead_letter_config": [],
            "description": "",
            "durable_config": [],
            "environment": [
              {
                "variables": {
                  "DYNAMODB_TABLE": "airlines-app-dev-reservations"
                }
              }
            ],
            "ephemeral_storage": [
              {
                "size": 512
              }
            ],
            "file_system_config": [],
            "filename": "modules/lambdas/dist/reserva.zip",
            "function_name": "airlines-app-dev-reserva",
            "handler": "handler.lambda_handler",
            "id": "airlines-app-dev-reserva",
            "image_config": [],
            "image_uri": "",
            "invoke_arn": "arn:aws:apigateway:us-east-1:lambda:path/2015-03-31/functions/arn:aws:lambda:us-east-1:055068999919:function:airlines-app-dev-reserva/invocations",
            "kms_key_arn": "",
            "last_modified": "2026-04-18T03:06:36.997+0000",
            "layers": [],
            "logging_config": [
              {
                "application_log_level": "",
                "log_format": "Text",
                "log_group": "/aws/lambda/airlines-app-dev-reserva",
                "system_log_level": ""
              }
            ],
            "memory_size": 128,
            "package_type": "Zip",
            "publish": false,
            "publish_to": null,
            "qualified_arn": "arn:aws:lambda:us-east-1:055068999919:function:airlines-app-dev-reserva:$LATEST",
            "qualified_invoke_arn": "arn:aws:apigateway:us-east-1:lambda:path/2015-03-31/functions/arn:aws:lambda:us-east-1:055068999919:function:airlines-app-dev-reserva:$LATEST/invocations",
            "region": "us-east-1",
            "replace_security_groups_on_destroy": null,
            "replacement_security_group_ids": null,
            "reserved_concurrent_executions": -1,
            "response_streaming_invoke_arn": "arn:aws:apigateway:us-east-1:lambda:path/2021-11-15/functions/arn:aws:lambda:us-east-1:055068999919:function:airlines-app-dev-reserva/response-streaming-invocations",
            "role": "arn:aws:iam::055068999919:role/airlines-app-dev-lambda-role",
            "runtime": "python3.12",
            "s3_bucket": null,
            "s3_key": null,
            "s3_object_version": null,
            "signing_job_arn": "",
            "signing_profile_version_arn": "",
            "skip_destroy": false,
            "snap_start": [],
            "source_code_hash": "kTK+8djTgZumepEgmjixsb7twOwKH6Fxa05qGa9fFyk=",
            "source_code_size": 680,
            "source_kms_key_arn": "",
            "tags": {
              "Name": "airlines-app-dev-reserva",
              "env": "dev",
              "managed-by": "terraform",
              "owner": "dfloresgonz",
              "project": "airlines-app"
            },
            "tags_all": {
              "Name": "airlines-app-dev-reserva",
              "env": "dev",
              "managed-by": "terraform",
              "owner": "dfloresgonz",
              "project": "airlines-app"
            },
            "tenancy_config": [],
            "timeout": 30,
            "timeouts": null,
            "tracing_config": [
              {
                "mode": "PassThrough"
              }
            ],
            "version": "$LATEST",
            "vpc_config": []
          },
          "sensitive_attributes": [],
          "private": "eyJlMmJmYjczMC1lY2FhLTExZTYtOGY4OC0zNDM2M2JjN2M0YzAiOnsiY3JlYXRlIjo2MDAwMDAwMDAwMDAsImRlbGV0ZSI6NjAwMDAwMDAwMDAwLCJ1cGRhdGUiOjYwMDAwMDAwMDAwMH19",
          "dependencies": [
            "module.dynamodb.aws_dynamodb_table.reservations",
            "module.iam.aws_iam_role.lambda",
            "module.lambdas.data.archive_file.reserva"
          ]
        }
      ]
    },
    {
      "module": "module.lambdas",
      "mode": "managed",
      "type": "aws_lambda_function",
      "name": "skill",
      "provider": "provider[\"registry.terraform.io/hashicorp/aws\"]",
      "instances": [
        {
          "schema_version": 0,
          "attributes": {
            "architectures": [
              "x86_64"
            ],
            "arn": "arn:aws:lambda:us-east-1:055068999919:function:airlines-app-dev-skill",
            "capacity_provider_config": [],
            "code_sha256": "FNzv4+2d0GjwrtPi7rrToD1wpjSvqc+EWTBafeQmKSw=",
            "code_signing_config_arn": "",
            "dead_letter_config": [],
            "description": "",
            "durable_config": [],
            "environment": [
              {
                "variables": {
                  "AGENT_ALIAS_ID": "",
                  "AGENT_ID": ""
                }
              }
            ],
            "ephemeral_storage": [
              {
                "size": 512
              }
            ],
            "file_system_config": [],
            "filename": "modules/lambdas/dist/skill.zip",
            "function_name": "airlines-app-dev-skill",
            "handler": "handler.lambda_handler",
            "id": "airlines-app-dev-skill",
            "image_config": [],
            "image_uri": "",
            "invoke_arn": "arn:aws:apigateway:us-east-1:lambda:path/2015-03-31/functions/arn:aws:lambda:us-east-1:055068999919:function:airlines-app-dev-skill/invocations",
            "kms_key_arn": "",
            "last_modified": "2026-04-18T04:21:33.000+0000",
            "layers": [],
            "logging_config": [
              {
                "application_log_level": "",
                "log_format": "Text",
                "log_group": "/aws/lambda/airlines-app-dev-skill",
                "system_log_level": ""
              }
            ],
            "memory_size": 128,
            "package_type": "Zip",
            "publish": false,
            "publish_to": null,
            "qualified_arn": "arn:aws:lambda:us-east-1:055068999919:function:airlines-app-dev-skill:$LATEST",
            "qualified_invoke_arn": "arn:aws:apigateway:us-east-1:lambda:path/2015-03-31/functions/arn:aws:lambda:us-east-1:055068999919:function:airlines-app-dev-skill:$LATEST/invocations",
            "region": "us-east-1",
            "replace_security_groups_on_destroy": null,
            "replacement_security_group_ids": null,
            "reserved_concurrent_executions": -1,
            "response_streaming_invoke_arn": "arn:aws:apigateway:us-east-1:lambda:path/2021-11-15/functions/arn:aws:lambda:us-east-1:055068999919:function:airlines-app-dev-skill/response-streaming-invocations",
            "role": "arn:aws:iam::055068999919:role/airlines-app-dev-lambda-role",
            "runtime": "python3.12",
            "s3_bucket": null,
            "s3_key": null,
            "s3_object_version": null,
            "signing_job_arn": "",
            "signing_profile_version_arn": "",
            "skip_destroy": false,
            "snap_start": [],
            "source_code_hash": "FNzv4+2d0GjwrtPi7rrToD1wpjSvqc+EWTBafeQmKSw=",
            "source_code_size": 1209,
            "source_kms_key_arn": "",
            "tags": {
              "Name": "airlines-app-dev-skill",
              "env": "dev",
              "managed-by": "terraform",
              "owner": "dfloresgonz",
              "project": "airlines-app"
            },
            "tags_all": {
              "Name": "airlines-app-dev-skill",
              "env": "dev",
              "managed-by": "terraform",
              "owner": "dfloresgonz",
              "project": "airlines-app"
            },
            "tenancy_config": [],
            "timeout": 60,
            "timeouts": null,
            "tracing_config": [
              {
                "mode": "PassThrough"
              }
            ],
            "version": "$LATEST",
            "vpc_config": []
          },
          "sensitive_attributes": [],
          "private": "eyJlMmJmYjczMC1lY2FhLTExZTYtOGY4OC0zNDM2M2JjN2M0YzAiOnsiY3JlYXRlIjo2MDAwMDAwMDAwMDAsImRlbGV0ZSI6NjAwMDAwMDAwMDAwLCJ1cGRhdGUiOjYwMDAwMDAwMDAwMH19",
          "dependencies": [
            "module.iam.aws_iam_role.lambda",
            "module.lambdas.data.archive_file.skill"
          ]
        }
      ]
    },
    {
      "module": "module.skill",
      "mode": "data",
      "type": "archive_file",
      "name": "skill",
      "provider": "provider[\"registry.terraform.io/hashicorp/archive\"]",
      "instances": [
        {
          "schema_version": 0,
          "attributes": {
            "exclude_symlink_directories": null,
            "excludes": null,
            "id": "4aca83e1adc4820f330d003eedf0092515f93436",
            "output_base64sha256": "XHoNVX7U7XJ7P1dqb7GIGXRphMKHseRrSFGHKRSVLdY=",
            "output_base64sha512": "oxmeg2CVLczPo/+iBSfbVttQf1CBu09OV1SL83HgEGJfCG+RJP2DTRDf6+AnALDnUkfTX7eL25eX11uvQ2AJlQ==",
            "output_file_mode": null,
            "output_md5": "b6a1df724d4b4c0cf17419126877e613",
            "output_path": "modules/skill/dist/skill.zip",
            "output_sha": "4aca83e1adc4820f330d003eedf0092515f93436",
            "output_sha256": "5c7a0d557ed4ed727b3f576a6fb18819746984c287b1e46b4851872914952dd6",
            "output_sha512": "a3199e8360952dcccfa3ffa20527db56db507f5081bb4f4e57548bf371e010625f086f9124fd834d10dfebe02700b0e75247d35fb78bdb9797d75baf43600995",
            "output_size": 1267,
            "source": [],
            "source_content": null,
            "source_content_filename": null,
            "source_dir": null,
            "source_file": "./../lambdas/skill/handler.py",
            "type": "zip"
          },
          "sensitive_attributes": []
        }
      ]
    },
    {
      "module": "module.skill",
      "mode": "managed",
      "type": "aws_lambda_function",
      "name": "skill",
      "provider": "provider[\"registry.terraform.io/hashicorp/aws\"]",
      "instances": [
        {
          "schema_version": 0,
          "attributes": {
            "architectures": [
              "x86_64"
            ],
            "arn": "arn:aws:lambda:us-east-1:055068999919:function:airlines-app-dev-skill",
            "capacity_provider_config": [],
            "code_sha256": "XHoNVX7U7XJ7P1dqb7GIGXRphMKHseRrSFGHKRSVLdY=",
            "code_signing_config_arn": "",
            "dead_letter_config": [],
            "description": "",
            "durable_config": [],
            "environment": [
              {
                "variables": {
                  "AGENT_ALIAS_ID": "Z7QDIM9XMM",
                  "AGENT_ID": "1WAFXTXMPQ"
                }
              }
            ],
            "ephemeral_storage": [
              {
                "size": 512
              }
            ],
            "file_system_config": [],
            "filename": "modules/skill/dist/skill.zip",
            "function_name": "airlines-app-dev-skill",
            "handler": "handler.lambda_handler",
            "id": "airlines-app-dev-skill",
            "image_config": [],
            "image_uri": "",
            "invoke_arn": "arn:aws:apigateway:us-east-1:lambda:path/2015-03-31/functions/arn:aws:lambda:us-east-1:055068999919:function:airlines-app-dev-skill/invocations",
            "kms_key_arn": "",
            "last_modified": "2026-04-18T05:25:03.795+0000",
            "layers": null,
            "logging_config": [
              {
                "application_log_level": "",
                "log_format": "Text",
                "log_group": "/aws/lambda/airlines-app-dev-skill",
                "system_log_level": ""
              }
            ],
            "memory_size": 128,
            "package_type": "Zip",
            "publish": false,
            "publish_to": null,
            "qualified_arn": "arn:aws:lambda:us-east-1:055068999919:function:airlines-app-dev-skill:$LATEST",
            "qualified_invoke_arn": "arn:aws:apigateway:us-east-1:lambda:path/2015-03-31/functions/arn:aws:lambda:us-east-1:055068999919:function:airlines-app-dev-skill:$LATEST/invocations",
            "region": "us-east-1",
            "replace_security_groups_on_destroy": null,
            "replacement_security_group_ids": null,
            "reserved_concurrent_executions": -1,
            "response_streaming_invoke_arn": "arn:aws:apigateway:us-east-1:lambda:path/2021-11-15/functions/arn:aws:lambda:us-east-1:055068999919:function:airlines-app-dev-skill/response-streaming-invocations",
            "role": "arn:aws:iam::055068999919:role/airlines-app-dev-lambda-role",
            "runtime": "python3.12",
            "s3_bucket": null,
            "s3_key": null,
            "s3_object_version": null,
            "signing_job_arn": "",
            "signing_profile_version_arn": "",
            "skip_destroy": false,
            "snap_start": [],
            "source_code_hash": "XHoNVX7U7XJ7P1dqb7GIGXRphMKHseRrSFGHKRSVLdY=",
            "source_code_size": 1267,
            "source_kms_key_arn": "",
            "tags": {
              "Name": "airlines-app-dev-skill",
              "env": "dev",
              "managed-by": "terraform",
              "owner": "dfloresgonz",
              "project": "airlines-app"
            },
            "tags_all": {
              "Name": "airlines-app-dev-skill",
              "env": "dev",
              "managed-by": "terraform",
              "owner": "dfloresgonz",
              "project": "airlines-app"
            },
            "tenancy_config": [],
            "timeout": 60,
            "timeouts": null,
            "tracing_config": [
              {
                "mode": "PassThrough"
              }
            ],
            "version": "$LATEST",
            "vpc_config": []
          },
          "sensitive_attributes": [],
          "private": "eyJlMmJmYjczMC1lY2FhLTExZTYtOGY4OC0zNDM2M2JjN2M0YzAiOnsiY3JlYXRlIjo2MDAwMDAwMDAwMDAsImRlbGV0ZSI6NjAwMDAwMDAwMDAwLCJ1cGRhdGUiOjYwMDAwMDAwMDAwMH19",
          "dependencies": [
            "aws_s3_bucket.kb_docs",
            "data.aws_caller_identity.current",
            "module.bedrock_agent.aws_bedrockagent_agent.main",
            "module.bedrock_agent.aws_bedrockagent_agent_action_group.consultar",
            "module.bedrock_agent.aws_bedrockagent_agent_action_group.reservar",
            "module.bedrock_agent.aws_bedrockagent_agent_alias.live",
            "module.bedrock_agent.aws_bedrockagent_agent_knowledge_base_association.main",
            "module.bedrock_agent.aws_bedrockagent_knowledge_base.main",
            "module.bedrock_agent.aws_iam_role.kb",
            "module.bedrock_agent.aws_iam_role_policy.kb",
            "module.bedrock_agent.aws_lambda_permission.bedrock_consultar_reserva",
            "module.bedrock_agent.aws_lambda_permission.bedrock_reserva",
            "module.bedrock_agent.aws_s3vectors_index.kb",
            "module.bedrock_agent.aws_s3vectors_vector_bucket.kb",
            "module.bedrock_agent.data.aws_caller_identity.current",
            "module.bedrock_agent.data.aws_region.current",
            "module.dynamodb.aws_dynamodb_table.reservations",
            "module.iam.aws_iam_role.bedrock_agent",
            "module.iam.aws_iam_role.lambda",
            "module.lambdas.aws_lambda_function.consultar_reserva",
            "module.lambdas.aws_lambda_function.reserva",
            "module.lambdas.data.archive_file.consultar_reserva",
            "module.lambdas.data.archive_file.reserva",
            "module.skill.data.archive_file.skill"
          ]
        }
      ]
    },
    {
      "module": "module.skill",
      "mode": "managed",
      "type": "aws_lambda_function_url",
      "name": "skill",
      "provider": "provider[\"registry.terraform.io/hashicorp/aws\"]",
      "instances": [
        {
          "schema_version": 0,
          "attributes": {
            "authorization_type": "NONE",
            "cors": [],
            "function_arn": "arn:aws:lambda:us-east-1:055068999919:function:airlines-app-dev-skill",
            "function_name": "airlines-app-dev-skill",
            "function_url": "https://dsfw6xqoacqvceigtq5s22r6c40cqzgl.lambda-url.us-east-1.on.aws/",
            "id": "airlines-app-dev-skill",
            "invoke_mode": "BUFFERED",
            "qualifier": "",
            "region": "us-east-1",
            "timeouts": null,
            "url_id": "dsfw6xqoacqvceigtq5s22r6c40cqzgl"
          },
          "sensitive_attributes": [],
          "private": "eyJlMmJmYjczMC1lY2FhLTExZTYtOGY4OC0zNDM2M2JjN2M0YzAiOnsiY3JlYXRlIjo2MDAwMDAwMDAwMDB9fQ==",
          "dependencies": [
            "aws_s3_bucket.kb_docs",
            "data.aws_caller_identity.current",
            "module.bedrock_agent.aws_bedrockagent_agent.main",
            "module.bedrock_agent.aws_bedrockagent_agent_action_group.consultar",
            "module.bedrock_agent.aws_bedrockagent_agent_action_group.reservar",
            "module.bedrock_agent.aws_bedrockagent_agent_alias.live",
            "module.bedrock_agent.aws_bedrockagent_agent_knowledge_base_association.main",
            "module.bedrock_agent.aws_bedrockagent_knowledge_base.main",
            "module.bedrock_agent.aws_iam_role.kb",
            "module.bedrock_agent.aws_iam_role_policy.kb",
            "module.bedrock_agent.aws_lambda_permission.bedrock_consultar_reserva",
            "module.bedrock_agent.aws_lambda_permission.bedrock_reserva",
            "module.bedrock_agent.aws_s3vectors_index.kb",
            "module.bedrock_agent.aws_s3vectors_vector_bucket.kb",
            "module.bedrock_agent.data.aws_caller_identity.current",
            "module.bedrock_agent.data.aws_region.current",
            "module.dynamodb.aws_dynamodb_table.reservations",
            "module.iam.aws_iam_role.bedrock_agent",
            "module.iam.aws_iam_role.lambda",
            "module.lambdas.aws_lambda_function.consultar_reserva",
            "module.lambdas.aws_lambda_function.reserva",
            "module.lambdas.data.archive_file.consultar_reserva",
            "module.lambdas.data.archive_file.reserva",
            "module.skill.aws_lambda_function.skill",
            "module.skill.data.archive_file.skill"
          ]
        }
      ]
    }
  ],
  "check_results": null
}
